{
  "version": 4,
  "terraform_version": "0.12.18",
  "serial": 61,
  "lineage": "a44b4839-6bcb-92b3-bbe7-f74239ad19eb",
  "outputs": {},
  "resources": [
    {
      "mode": "managed",
      "type": "aws_elasticache_replication_group",
      "name": "iac_redis_cluster_disabled_group",
      "provider": "provider.aws",
      "instances": [
        {
          "schema_version": 1,
          "attributes": {
            "apply_immediately": null,
            "at_rest_encryption_enabled": false,
            "auth_token": "",
            "auto_minor_version_upgrade": true,
            "automatic_failover_enabled": true,
            "availability_zones": [
              "us-east-1a",
              "us-east-1b",
              "us-east-1c"
            ],
            "cluster_mode": [],
            "configuration_endpoint_address": null,
            "engine": "redis",
            "engine_version": "5.0.6",
            "id": "iac-redis-cluster-disabled-replica-group",
            "kms_key_id": "",
            "maintenance_window": "tue:05:00-tue:06:00",
            "member_clusters": [
              "iac-redis-cluster-disabled-replica-group-001",
              "iac-redis-cluster-disabled-replica-group-002",
              "iac-redis-cluster-disabled-replica-group-003"
            ],
            "node_type": "cache.t2.micro",
            "notification_topic_arn": null,
            "number_cache_clusters": 3,
            "parameter_group_name": "default.redis5.0",
            "port": 6379,
            "primary_endpoint_address": "iac-redis-cluster-disabled-replica-group.zw0jkj.ng.0001.use1.cache.amazonaws.com",
            "replication_group_description": "redis cluster disabled mode",
            "replication_group_id": "iac-redis-cluster-disabled-replica-group",
            "security_group_ids": [],
            "security_group_names": [],
            "snapshot_arns": null,
            "snapshot_name": null,
            "snapshot_retention_limit": 0,
            "snapshot_window": "07:30-08:30",
            "subnet_group_name": "iac-redis-cluster-disabled-subnet-group",
            "tags": null,
            "timeouts": null,
            "transit_encryption_enabled": false
          },
          "private": "eyJlMmJmYjczMC1lY2FhLTExZTYtOGY4OC0zNDM2M2JjN2M0YzAiOnsiY3JlYXRlIjozNjAwMDAwMDAwMDAwLCJkZWxldGUiOjI0MDAwMDAwMDAwMDAsInVwZGF0ZSI6MjQwMDAwMDAwMDAwMH0sInNjaGVtYV92ZXJzaW9uIjoiMSJ9",
          "dependencies": [
            "aws_elasticache_subnet_group.iac_redis_cluster_disabled_subnet_group",
            "aws_subnet.iac_redis_cluster_disabled_subnet_a",
            "aws_subnet.iac_redis_cluster_disabled_subnet_b",
            "aws_subnet.iac_redis_cluster_disabled_subnet_c",
            "aws_vpc.iac_redis_cluster_disabled_vpc"
          ]
        }
      ]
    },
    {
      "mode": "managed",
      "type": "aws_elasticache_subnet_group",
      "name": "iac_redis_cluster_disabled_subnet_group",
      "provider": "provider.aws",
      "instances": [
        {
          "schema_version": 0,
          "attributes": {
            "description": "Managed by Terraform",
            "id": "iac-redis-cluster-disabled-subnet-group",
            "name": "iac-redis-cluster-disabled-subnet-group",
            "subnet_ids": [
              "subnet-02180a3dde907443e",
              "subnet-02ebf34944a779d4f",
              "subnet-041276a0693815fa8"
            ]
          },
          "private": "bnVsbA==",
          "dependencies": [
            "aws_subnet.iac_redis_cluster_disabled_subnet_a",
            "aws_subnet.iac_redis_cluster_disabled_subnet_b",
            "aws_subnet.iac_redis_cluster_disabled_subnet_c",
            "aws_vpc.iac_redis_cluster_disabled_vpc"
          ]
        }
      ]
    },
    {
      "mode": "managed",
      "type": "aws_subnet",
      "name": "iac_redis_cluster_disabled_subnet_a",
      "provider": "provider.aws",
      "instances": [
        {
          "schema_version": 1,
          "attributes": {
            "arn": "arn:aws:ec2:us-east-1:227389759256:subnet/subnet-041276a0693815fa8",
            "assign_ipv6_address_on_creation": false,
            "availability_zone": "us-east-1a",
            "availability_zone_id": "use1-az2",
            "cidr_block": "10.1.1.0/24",
            "id": "subnet-041276a0693815fa8",
            "ipv6_cidr_block": "",
            "ipv6_cidr_block_association_id": "",
            "map_public_ip_on_launch": false,
            "owner_id": "227389759256",
            "tags": {
              "Name": "iac_redis_cluster_disabled_subnet_a"
            },
            "timeouts": null,
            "vpc_id": "vpc-0845543e7a9c32776"
          },
          "private": "eyJlMmJmYjczMC1lY2FhLTExZTYtOGY4OC0zNDM2M2JjN2M0YzAiOnsiY3JlYXRlIjo2MDAwMDAwMDAwMDAsImRlbGV0ZSI6MTIwMDAwMDAwMDAwMH0sInNjaGVtYV92ZXJzaW9uIjoiMSJ9",
          "dependencies": [
            "aws_vpc.iac_redis_cluster_disabled_vpc"
          ]
        }
      ]
    },
    {
      "mode": "managed",
      "type": "aws_subnet",
      "name": "iac_redis_cluster_disabled_subnet_b",
      "provider": "provider.aws",
      "instances": [
        {
          "schema_version": 1,
          "attributes": {
            "arn": "arn:aws:ec2:us-east-1:227389759256:subnet/subnet-02ebf34944a779d4f",
            "assign_ipv6_address_on_creation": false,
            "availability_zone": "us-east-1b",
            "availability_zone_id": "use1-az4",
            "cidr_block": "10.1.2.0/24",
            "id": "subnet-02ebf34944a779d4f",
            "ipv6_cidr_block": "",
            "ipv6_cidr_block_association_id": "",
            "map_public_ip_on_launch": false,
            "owner_id": "227389759256",
            "tags": {
              "Name": "iac_redis_cluster_disabled_subnet_b"
            },
            "timeouts": null,
            "vpc_id": "vpc-0845543e7a9c32776"
          },
          "private": "eyJlMmJmYjczMC1lY2FhLTExZTYtOGY4OC0zNDM2M2JjN2M0YzAiOnsiY3JlYXRlIjo2MDAwMDAwMDAwMDAsImRlbGV0ZSI6MTIwMDAwMDAwMDAwMH0sInNjaGVtYV92ZXJzaW9uIjoiMSJ9",
          "dependencies": [
            "aws_vpc.iac_redis_cluster_disabled_vpc"
          ]
        }
      ]
    },
    {
      "mode": "managed",
      "type": "aws_subnet",
      "name": "iac_redis_cluster_disabled_subnet_c",
      "provider": "provider.aws",
      "instances": [
        {
          "schema_version": 1,
          "attributes": {
            "arn": "arn:aws:ec2:us-east-1:227389759256:subnet/subnet-02180a3dde907443e",
            "assign_ipv6_address_on_creation": false,
            "availability_zone": "us-east-1c",
            "availability_zone_id": "use1-az6",
            "cidr_block": "10.1.3.0/24",
            "id": "subnet-02180a3dde907443e",
            "ipv6_cidr_block": "",
            "ipv6_cidr_block_association_id": "",
            "map_public_ip_on_launch": false,
            "owner_id": "227389759256",
            "tags": {
              "Name": "iac_redis_cluster_disabled_subnet_c"
            },
            "timeouts": null,
            "vpc_id": "vpc-0845543e7a9c32776"
          },
          "private": "eyJlMmJmYjczMC1lY2FhLTExZTYtOGY4OC0zNDM2M2JjN2M0YzAiOnsiY3JlYXRlIjo2MDAwMDAwMDAwMDAsImRlbGV0ZSI6MTIwMDAwMDAwMDAwMH0sInNjaGVtYV92ZXJzaW9uIjoiMSJ9",
          "dependencies": [
            "aws_vpc.iac_redis_cluster_disabled_vpc"
          ]
        }
      ]
    },
    {
      "mode": "managed",
      "type": "aws_vpc",
      "name": "iac_redis_cluster_disabled_vpc",
      "provider": "provider.aws",
      "instances": [
        {
          "schema_version": 1,
          "attributes": {
            "arn": "arn:aws:ec2:us-east-1:227389759256:vpc/vpc-0845543e7a9c32776",
            "assign_generated_ipv6_cidr_block": false,
            "cidr_block": "10.1.0.0/16",
            "default_network_acl_id": "acl-0bdeda2e1e0da584c",
            "default_route_table_id": "rtb-02c678ff0342adcf7",
            "default_security_group_id": "sg-095de2280532efe3e",
            "dhcp_options_id": "dopt-0f2915db78ea09f86",
            "enable_classiclink": false,
            "enable_classiclink_dns_support": false,
            "enable_dns_hostnames": false,
            "enable_dns_support": true,
            "id": "vpc-0845543e7a9c32776",
            "instance_tenancy": "default",
            "ipv6_association_id": "",
            "ipv6_cidr_block": "",
            "main_route_table_id": "rtb-02c678ff0342adcf7",
            "owner_id": "227389759256",
            "tags": {
              "Name": "iac_redis_cluster_disabled_vpc"
            }
          },
          "private": "eyJzY2hlbWFfdmVyc2lvbiI6IjEifQ=="
        }
      ]
    }
  ]
}
