{
  "version": 4,
  "terraform_version": "0.12.18",
  "serial": 9,
  "lineage": "2889d085-2d9a-3cbb-cf48-2da36297a94f",
  "outputs": {},
  "resources": [
    {
      "mode": "managed",
      "type": "aws_s3_bucket",
      "name": "bucket_static_website_hosting",
      "provider": "provider.aws",
      "instances": [
        {
          "status": "tainted",
          "schema_version": 0,
          "attributes": {
            "acceleration_status": null,
            "acl": "public-read",
            "arn": null,
            "bucket": "iac-website-test.com",
            "bucket_domain_name": null,
            "bucket_prefix": null,
            "bucket_regional_domain_name": null,
            "cors_rule": [],
            "force_destroy": false,
            "hosted_zone_id": null,
            "id": "iac-website-test.com",
            "lifecycle_rule": [],
            "logging": [],
            "object_lock_configuration": [],
            "policy": "{\n    \"Version\": \"2012-10-17\",\n    \"Statement\": [\n        {\n            \"Effect\": \"Allow\",\n            \"Action\": \"s3:*\",\n\t    \"Principal\":{\n\t      \"AWS\": \"arn:aws:iam::227389759256:user/Shanming.Zhang\"\n\t    },\n            \"Resource\": \"*\"\n        }\n    ]\n}\n",
            "region": null,
            "replication_configuration": [],
            "request_payer": null,
            "server_side_encryption_configuration": [],
            "tags": null,
            "versioning": null,
            "website": [
              {
                "error_document": "error.html",
                "index_document": "index.html",
                "redirect_all_requests_to": "",
                "routing_rules": "[{\n    \"Condition\": {\n        \"KeyPrefixEquals\": \"docs/\"\n    },\n    \"Redirect\": {\n        \"ReplaceKeyPrefixWith\": \"documents/\"\n    }\n}]\n"
              }
            ],
            "website_domain": null,
            "website_endpoint": null
          },
          "private": "bnVsbA=="
        }
      ]
    }
  ]
}
