{
  "version": 4,
  "terraform_version": "0.12.18",
  "serial": 6,
  "lineage": "5fcc87c4-1e0d-b4fc-7cf4-79c70715c912",
  "outputs": {},
  "resources": [
    {
      "mode": "managed",
      "type": "aws_iam_role",
      "name": "iac_iam_role",
      "provider": "provider.aws",
      "instances": [
        {
          "schema_version": 0,
          "attributes": {
            "arn": "arn:aws:iam::227389759256:role/iac_iam_role",
            "assume_role_policy": "{\"Version\":\"2012-10-17\",\"Statement\":[{\"Sid\":\"\",\"Effect\":\"Allow\",\"Principal\":{\"Service\":\"ec2.amazonaws.com\"},\"Action\":\"sts:AssumeRole\"}]}",
            "create_date": "2019-12-20T02:19:10Z",
            "description": "",
            "force_detach_policies": false,
            "id": "iac_iam_role",
            "max_session_duration": 3600,
            "name": "iac_iam_role",
            "name_prefix": null,
            "path": "/",
            "permissions_boundary": null,
            "tags": {},
            "unique_id": "AROATJ4L4L4MMU335QWXP"
          },
          "private": "bnVsbA=="
        }
      ]
    }
  ]
}
