{
  "version": 4,
  "terraform_version": "0.12.18",
  "serial": 3,
  "lineage": "5388a320-0fad-5036-8f55-33f3277b8b2b",
  "outputs": {},
  "resources": [
    {
      "mode": "managed",
      "type": "aws_ecr_repository",
      "name": "iac_repository_policy",
      "provider": "provider.aws",
      "instances": [
        {
          "schema_version": 0,
          "attributes": {
            "arn": "arn:aws:ecr:us-east-1:227389759256:repository/iac_repository_policy",
            "id": "iac_repository_policy",
            "image_scanning_configuration": [
              {
                "scan_on_push": false
              }
            ],
            "image_tag_mutability": "MUTABLE",
            "name": "iac_repository_policy",
            "registry_id": "227389759256",
            "repository_url": "227389759256.dkr.ecr.us-east-1.amazonaws.com/iac_repository_policy",
            "tags": null,
            "timeouts": null
          },
          "private": "eyJlMmJmYjczMC1lY2FhLTExZTYtOGY4OC0zNDM2M2JjN2M0YzAiOnsiZGVsZXRlIjoxMjAwMDAwMDAwMDAwfX0="
        }
      ]
    },
    {
      "mode": "managed",
      "type": "aws_ecr_repository_policy",
      "name": "iac_repository_policy",
      "provider": "provider.aws",
      "instances": [
        {
          "schema_version": 0,
          "attributes": {
            "id": "iac_repository_policy",
            "policy": "{\n  \"Version\" : \"2008-10-17\",\n  \"Statement\" : [ {\n    \"Sid\" : \"new policy\",\n    \"Effect\" : \"Allow\",\n    \"Principal\" : \"*\",\n    \"Action\" : [ \"ecr:GetDownloadUrlForLayer\", \"ecr:BatchGetImage\", \"ecr:BatchCheckLayerAvailability\", \"ecr:PutImage\", \"ecr:InitiateLayerUpload\", \"ecr:UploadLayerPart\", \"ecr:CompleteLayerUpload\", \"ecr:DescribeRepositories\", \"ecr:GetRepositoryPolicy\", \"ecr:ListImages\", \"ecr:DeleteRepository\", \"ecr:BatchDeleteImage\", \"ecr:SetRepositoryPolicy\", \"ecr:DeleteRepositoryPolicy\" ]\n  } ]\n}",
            "registry_id": "227389759256",
            "repository": "iac_repository_policy"
          },
          "private": "bnVsbA==",
          "dependencies": [
            "aws_ecr_repository.iac_repository_policy"
          ]
        }
      ]
    }
  ]
}
