{
  "version": 4,
  "terraform_version": "0.12.18",
  "serial": 15,
  "lineage": "a2cb8e3d-e330-0eb0-988d-4f4b6c426704",
  "outputs": {},
  "resources": [
    {
      "mode": "managed",
      "type": "aws_ecr_lifecycle_policy",
      "name": "iac_policy_on_tagged_image",
      "provider": "provider.aws",
      "instances": [
        {
          "schema_version": 0,
          "attributes": {
            "id": "iac_policy_on_tagged_image",
            "policy": "{\"rules\":[{\"rulePriority\":1,\"description\":\"Keep last 7 images\",\"selection\":{\"tagStatus\":\"tagged\",\"tagPrefixList\":[\"v\"],\"countType\":\"imageCountMoreThan\",\"countNumber\":7},\"action\":{\"type\":\"expire\"}}]}",
            "registry_id": "227389759256",
            "repository": "iac_policy_on_tagged_image"
          },
          "private": "bnVsbA==",
          "dependencies": [
            "aws_ecr_repository.iac_policy_on_tagged_image"
          ]
        }
      ]
    },
    {
      "mode": "managed",
      "type": "aws_ecr_lifecycle_policy",
      "name": "iac_policy_on_untagged_image",
      "provider": "provider.aws",
      "instances": [
        {
          "schema_version": 0,
          "attributes": {
            "id": "iac_policy_on_untagged_image",
            "policy": "{\"rules\":[{\"rulePriority\":1,\"description\":\"Expire images older than 7 days\",\"selection\":{\"tagStatus\":\"untagged\",\"countType\":\"sinceImagePushed\",\"countUnit\":\"days\",\"countNumber\":7},\"action\":{\"type\":\"expire\"}}]}",
            "registry_id": "227389759256",
            "repository": "iac_policy_on_untagged_image"
          },
          "private": "bnVsbA==",
          "dependencies": [
            "aws_ecr_repository.iac_policy_on_untagged_image"
          ]
        }
      ]
    },
    {
      "mode": "managed",
      "type": "aws_ecr_repository",
      "name": "iac_policy_on_tagged_image",
      "provider": "provider.aws",
      "instances": [
        {
          "schema_version": 0,
          "attributes": {
            "arn": "arn:aws:ecr:us-east-1:227389759256:repository/iac_policy_on_tagged_image",
            "id": "iac_policy_on_tagged_image",
            "image_scanning_configuration": [
              {
                "scan_on_push": false
              }
            ],
            "image_tag_mutability": "MUTABLE",
            "name": "iac_policy_on_tagged_image",
            "registry_id": "227389759256",
            "repository_url": "227389759256.dkr.ecr.us-east-1.amazonaws.com/iac_policy_on_tagged_image",
            "tags": null,
            "timeouts": null
          },
          "private": "eyJlMmJmYjczMC1lY2FhLTExZTYtOGY4OC0zNDM2M2JjN2M0YzAiOnsiZGVsZXRlIjoxMjAwMDAwMDAwMDAwfX0="
        }
      ]
    },
    {
      "mode": "managed",
      "type": "aws_ecr_repository",
      "name": "iac_policy_on_untagged_image",
      "provider": "provider.aws",
      "instances": [
        {
          "schema_version": 0,
          "attributes": {
            "arn": "arn:aws:ecr:us-east-1:227389759256:repository/iac_policy_on_untagged_image",
            "id": "iac_policy_on_untagged_image",
            "image_scanning_configuration": [
              {
                "scan_on_push": false
              }
            ],
            "image_tag_mutability": "MUTABLE",
            "name": "iac_policy_on_untagged_image",
            "registry_id": "227389759256",
            "repository_url": "227389759256.dkr.ecr.us-east-1.amazonaws.com/iac_policy_on_untagged_image",
            "tags": null,
            "timeouts": null
          },
          "private": "eyJlMmJmYjczMC1lY2FhLTExZTYtOGY4OC0zNDM2M2JjN2M0YzAiOnsiZGVsZXRlIjoxMjAwMDAwMDAwMDAwfX0="
        }
      ]
    }
  ]
}
