{
  "version": 4,
  "terraform_version": "0.12.18",
  "serial": 4,
  "lineage": "1999e808-6f58-9e7c-8c49-3a17d579f7bf",
  "outputs": {},
  "resources": [
    {
      "mode": "managed",
      "type": "aws_subnet",
      "name": "iac_in_secondary_cidr",
      "provider": "provider.aws",
      "instances": [
        {
          "schema_version": 1,
          "attributes": {
            "arn": "arn:aws:ec2:us-east-1:227389759256:subnet/subnet-0f3f91371ab132c23",
            "assign_ipv6_address_on_creation": false,
            "availability_zone": "us-east-1b",
            "availability_zone_id": "use1-az4",
            "cidr_block": "172.2.0.0/24",
            "id": "subnet-0f3f91371ab132c23",
            "ipv6_cidr_block": "",
            "ipv6_cidr_block_association_id": "",
            "map_public_ip_on_launch": false,
            "owner_id": "227389759256",
            "tags": null,
            "timeouts": null,
            "vpc_id": "vpc-07cb6e494fcb8a223"
          },
          "private": "eyJlMmJmYjczMC1lY2FhLTExZTYtOGY4OC0zNDM2M2JjN2M0YzAiOnsiY3JlYXRlIjo2MDAwMDAwMDAwMDAsImRlbGV0ZSI6MTIwMDAwMDAwMDAwMH0sInNjaGVtYV92ZXJzaW9uIjoiMSJ9",
          "dependencies": [
            "aws_vpc.iac_main_vpc",
            "aws_vpc_ipv4_cidr_block_association.iac_ipv4_secondary_cidr"
          ]
        }
      ]
    },
    {
      "mode": "managed",
      "type": "aws_vpc",
      "name": "iac_main_vpc",
      "provider": "provider.aws",
      "instances": [
        {
          "schema_version": 1,
          "attributes": {
            "arn": "arn:aws:ec2:us-east-1:227389759256:vpc/vpc-07cb6e494fcb8a223",
            "assign_generated_ipv6_cidr_block": false,
            "cidr_block": "10.0.0.0/16",
            "default_network_acl_id": "acl-06bb8e7c331307eb0",
            "default_route_table_id": "rtb-0c685be3fed589cd2",
            "default_security_group_id": "sg-0e2860836fce1d3d1",
            "dhcp_options_id": "dopt-0f2915db78ea09f86",
            "enable_classiclink": false,
            "enable_classiclink_dns_support": false,
            "enable_dns_hostnames": false,
            "enable_dns_support": true,
            "id": "vpc-07cb6e494fcb8a223",
            "instance_tenancy": "default",
            "ipv6_association_id": "",
            "ipv6_cidr_block": "",
            "main_route_table_id": "rtb-0c685be3fed589cd2",
            "owner_id": "227389759256",
            "tags": {
              "Name": "iac_main_vpc"
            }
          },
          "private": "eyJzY2hlbWFfdmVyc2lvbiI6IjEifQ=="
        }
      ]
    },
    {
      "mode": "managed",
      "type": "aws_vpc_ipv4_cidr_block_association",
      "name": "iac_ipv4_secondary_cidr",
      "provider": "provider.aws",
      "instances": [
        {
          "schema_version": 0,
          "attributes": {
            "cidr_block": "172.2.0.0/16",
            "id": "vpc-cidr-assoc-032bc71136ce1a855",
            "timeouts": null,
            "vpc_id": "vpc-07cb6e494fcb8a223"
          },
          "private": "eyJlMmJmYjczMC1lY2FhLTExZTYtOGY4OC0zNDM2M2JjN2M0YzAiOnsiY3JlYXRlIjo2MDAwMDAwMDAwMDAsImRlbGV0ZSI6NjAwMDAwMDAwMDAwfX0=",
          "dependencies": [
            "aws_vpc.iac_main_vpc"
          ]
        }
      ]
    }
  ]
}
