{
  "version": 4,
  "terraform_version": "0.12.20",
  "serial": 779,
  "lineage": "051abd89-614c-c927-0440-b18651477a6a",
  "outputs": {},
  "resources": [
    {
      "mode": "managed",
      "type": "aws_eip",
      "name": "iac_instance_ip",
      "provider": "provider.aws",
      "instances": [
        {
          "schema_version": 0,
          "attributes": {
            "allocation_id": null,
            "associate_with_private_ip": null,
            "association_id": "eipassoc-0f22fd89a99bdc82c",
            "domain": "vpc",
            "id": "eipalloc-05937c2a8f26541ce",
            "instance": "i-0bca5761626f8f36e",
            "network_interface": "eni-0db1d23153f9ea8be",
            "private_dns": "ip-192-168-104-104.ec2.internal",
            "private_ip": "192.168.104.104",
            "public_dns": "ec2-52-44-34-238.compute-1.amazonaws.com",
            "public_ip": "52.44.34.238",
            "public_ipv4_pool": "amazon",
            "tags": {
              "Name": "iac_instance_eip"
            },
            "timeouts": null,
            "vpc": true
          },
          "private": "eyJlMmJmYjczMC1lY2FhLTExZTYtOGY4OC0zNDM2M2JjN2M0YzAiOnsiZGVsZXRlIjoxODAwMDAwMDAwMDAsInJlYWQiOjkwMDAwMDAwMDAwMCwidXBkYXRlIjozMDAwMDAwMDAwMDB9fQ==",
          "dependencies": [
            "aws_iam_instance_profile.iac_instance_profile",
            "aws_iam_role.iac_instance_role",
            "aws_instance.iac_instance",
            "aws_internet_gateway.iac_igw",
            "aws_network_interface.iac_instance_if",
            "aws_security_group.iac_sg_instance",
            "aws_subnet.iac_vpc_subnet_04",
            "aws_vpc.iac_vpc"
          ]
        }
      ]
    },
    {
      "mode": "managed",
      "type": "aws_eip",
      "name": "iac_nat_ip",
      "provider": "provider.aws",
      "instances": [
        {
          "schema_version": 0,
          "attributes": {
            "allocation_id": null,
            "associate_with_private_ip": null,
            "association_id": "",
            "domain": "vpc",
            "id": "eipalloc-029080ca34c2fa554",
            "instance": "",
            "network_interface": "",
            "private_dns": null,
            "private_ip": "",
            "public_dns": "ec2-35-170-95-182.compute-1.amazonaws.com",
            "public_ip": "35.170.95.182",
            "public_ipv4_pool": "amazon",
            "tags": null,
            "timeouts": null,
            "vpc": true
          },
          "private": "eyJlMmJmYjczMC1lY2FhLTExZTYtOGY4OC0zNDM2M2JjN2M0YzAiOnsiZGVsZXRlIjoxODAwMDAwMDAwMDAsInJlYWQiOjkwMDAwMDAwMDAwMCwidXBkYXRlIjozMDAwMDAwMDAwMDB9fQ=="
        }
      ]
    },
    {
      "mode": "managed",
      "type": "aws_iam_instance_profile",
      "name": "iac_instance_profile",
      "provider": "provider.aws",
      "instances": [
        {
          "schema_version": 0,
          "attributes": {
            "arn": "arn:aws:iam::227389759256:instance-profile/iac_instance_profile",
            "create_date": "2020-02-07T06:01:41Z",
            "id": "iac_instance_profile",
            "name": "iac_instance_profile",
            "name_prefix": null,
            "path": "/",
            "role": "iac-instance-role",
            "roles": [],
            "unique_id": "AIPATJ4L4L4MBLTGYIVFE"
          },
          "private": "bnVsbA==",
          "dependencies": [
            "aws_iam_role.iac_instance_role"
          ]
        }
      ]
    },
    {
      "mode": "managed",
      "type": "aws_iam_instance_profile",
      "name": "iac_worknodes_profile",
      "provider": "provider.aws",
      "instances": [
        {
          "schema_version": 0,
          "attributes": {
            "arn": "arn:aws:iam::227389759256:instance-profile/iac-worknodes-profile",
            "create_date": "2020-02-07T06:01:41Z",
            "id": "iac-worknodes-profile",
            "name": "iac-worknodes-profile",
            "name_prefix": null,
            "path": "/",
            "role": "iac-worknodes-role",
            "roles": [],
            "unique_id": "AIPATJ4L4L4MCNOPVEA65"
          },
          "private": "bnVsbA==",
          "dependencies": [
            "aws_iam_role.iac_worknodes_role"
          ]
        }
      ]
    },
    {
      "mode": "managed",
      "type": "aws_iam_role",
      "name": "iac_instance_role",
      "provider": "provider.aws",
      "instances": [
        {
          "schema_version": 0,
          "attributes": {
            "arn": "arn:aws:iam::227389759256:role/iac-instance-role",
            "assume_role_policy": "{\"Version\":\"2012-10-17\",\"Statement\":[{\"Sid\":\"\",\"Effect\":\"Allow\",\"Principal\":{\"Service\":\"ec2.amazonaws.com\"},\"Action\":\"sts:AssumeRole\"}]}",
            "create_date": "2020-02-07T06:01:39Z",
            "description": "",
            "force_detach_policies": false,
            "id": "iac-instance-role",
            "max_session_duration": 3600,
            "name": "iac-instance-role",
            "name_prefix": null,
            "path": "/",
            "permissions_boundary": null,
            "tags": null,
            "unique_id": "AROATJ4L4L4MMDXWWMSDX"
          },
          "private": "bnVsbA=="
        }
      ]
    },
    {
      "mode": "managed",
      "type": "aws_iam_role",
      "name": "iac_worknodes_role",
      "provider": "provider.aws",
      "instances": [
        {
          "schema_version": 0,
          "attributes": {
            "arn": "arn:aws:iam::227389759256:role/iac-worknodes-role",
            "assume_role_policy": "{\"Version\":\"2012-10-17\",\"Statement\":[{\"Effect\":\"Allow\",\"Principal\":{\"Service\":\"ec2.amazonaws.com\"},\"Action\":\"sts:AssumeRole\"}]}",
            "create_date": "2020-02-07T06:01:39Z",
            "description": "",
            "force_detach_policies": false,
            "id": "iac-worknodes-role",
            "max_session_duration": 3600,
            "name": "iac-worknodes-role",
            "name_prefix": null,
            "path": "/",
            "permissions_boundary": null,
            "tags": null,
            "unique_id": "AROATJ4L4L4MIVFPAL6IX"
          },
          "private": "bnVsbA=="
        }
      ]
    },
    {
      "mode": "managed",
      "type": "aws_iam_role_policy_attachment",
      "name": "iac-instance-AmazonEC2ContainerRegistryFullAccessPolicy",
      "provider": "provider.aws",
      "instances": [
        {
          "schema_version": 0,
          "attributes": {
            "id": "iac-instance-role-20200207060141459700000005",
            "policy_arn": "arn:aws:iam::aws:policy/AmazonEC2ContainerRegistryFullAccess",
            "role": "iac-instance-role"
          },
          "private": "bnVsbA==",
          "dependencies": [
            "aws_iam_role.iac_instance_role"
          ]
        }
      ]
    },
    {
      "mode": "managed",
      "type": "aws_iam_role_policy_attachment",
      "name": "iac-instance-AmazonEC2RoleforSSMPolicy",
      "provider": "provider.aws",
      "instances": [
        {
          "schema_version": 0,
          "attributes": {
            "id": "iac-instance-role-20200207060141422900000003",
            "policy_arn": "arn:aws:iam::aws:policy/service-role/AmazonEC2RoleforSSM",
            "role": "iac-instance-role"
          },
          "private": "bnVsbA==",
          "dependencies": [
            "aws_iam_role.iac_instance_role"
          ]
        }
      ]
    },
    {
      "mode": "managed",
      "type": "aws_iam_role_policy_attachment",
      "name": "iac-instance-AmazonS3FullAccessPolicy",
      "provider": "provider.aws",
      "instances": [
        {
          "schema_version": 0,
          "attributes": {
            "id": "iac-instance-role-20200207060143012900000008",
            "policy_arn": "arn:aws:iam::aws:policy/AmazonS3FullAccess",
            "role": "iac-instance-role"
          },
          "private": "bnVsbA==",
          "dependencies": [
            "aws_iam_role.iac_instance_role"
          ]
        }
      ]
    },
    {
      "mode": "managed",
      "type": "aws_iam_role_policy_attachment",
      "name": "iac-instance-CloudWatchFullAccessPolicy",
      "provider": "provider.aws",
      "instances": [
        {
          "schema_version": 0,
          "attributes": {
            "id": "iac-instance-role-20200207060141433300000004",
            "policy_arn": "arn:aws:iam::aws:policy/CloudWatchFullAccess",
            "role": "iac-instance-role"
          },
          "private": "bnVsbA==",
          "dependencies": [
            "aws_iam_role.iac_instance_role"
          ]
        }
      ]
    },
    {
      "mode": "managed",
      "type": "aws_iam_role_policy_attachment",
      "name": "iac-instance-CloudWatchLogsFullAccessPolicy",
      "provider": "provider.aws",
      "instances": [
        {
          "schema_version": 0,
          "attributes": {
            "id": "iac-instance-role-20200207060141471600000006",
            "policy_arn": "arn:aws:iam::aws:policy/CloudWatchLogsFullAccess",
            "role": "iac-instance-role"
          },
          "private": "bnVsbA==",
          "dependencies": [
            "aws_iam_role.iac_instance_role"
          ]
        }
      ]
    },
    {
      "mode": "managed",
      "type": "aws_iam_role_policy_attachment",
      "name": "iac-worknodes-AmazonEC2ContainerRegistryReadOnly",
      "provider": "provider.aws",
      "instances": [
        {
          "schema_version": 0,
          "attributes": {
            "id": "iac-worknodes-role-20200207060141484700000007",
            "policy_arn": "arn:aws:iam::aws:policy/AmazonEC2ContainerRegistryReadOnly",
            "role": "iac-worknodes-role"
          },
          "private": "bnVsbA==",
          "dependencies": [
            "aws_iam_role.iac_worknodes_role"
          ]
        }
      ]
    },
    {
      "mode": "managed",
      "type": "aws_iam_role_policy_attachment",
      "name": "iac-worknodes-AmazonEKSWorkerNodePolicy",
      "provider": "provider.aws",
      "instances": [
        {
          "schema_version": 0,
          "attributes": {
            "id": "iac-worknodes-role-20200207060141390100000001",
            "policy_arn": "arn:aws:iam::aws:policy/AmazonEKSWorkerNodePolicy",
            "role": "iac-worknodes-role"
          },
          "private": "bnVsbA==",
          "dependencies": [
            "aws_iam_role.iac_worknodes_role"
          ]
        }
      ]
    },
    {
      "mode": "managed",
      "type": "aws_iam_role_policy_attachment",
      "name": "iac-worknodes-AmazonEKS_CNI_Policy",
      "provider": "provider.aws",
      "instances": [
        {
          "schema_version": 0,
          "attributes": {
            "id": "iac-worknodes-role-20200207060141412200000002",
            "policy_arn": "arn:aws:iam::aws:policy/AmazonEKS_CNI_Policy",
            "role": "iac-worknodes-role"
          },
          "private": "bnVsbA==",
          "dependencies": [
            "aws_iam_role.iac_worknodes_role"
          ]
        }
      ]
    },
    {
      "mode": "managed",
      "type": "aws_instance",
      "name": "iac_instance",
      "provider": "provider.aws",
      "instances": [
        {
          "schema_version": 1,
          "attributes": {
            "ami": "ami-0b69ea66ff7391e80",
            "arn": "arn:aws:ec2:us-east-1:227389759256:instance/i-0bca5761626f8f36e",
            "associate_public_ip_address": false,
            "availability_zone": "us-east-1a",
            "cpu_core_count": 1,
            "cpu_threads_per_core": 1,
            "credit_specification": [
              {
                "cpu_credits": "standard"
              }
            ],
            "disable_api_termination": false,
            "ebs_block_device": [],
            "ebs_optimized": false,
            "ephemeral_block_device": [],
            "get_password_data": false,
            "host_id": null,
            "iam_instance_profile": "iac_instance_profile",
            "id": "i-0bca5761626f8f36e",
            "instance_initiated_shutdown_behavior": null,
            "instance_state": "running",
            "instance_type": "t2.micro",
            "ipv6_address_count": 0,
            "ipv6_addresses": [],
            "key_name": "zhang-key-pair-st2",
            "monitoring": false,
            "network_interface": [
              {
                "delete_on_termination": false,
                "device_index": 0,
                "network_interface_id": "eni-0db1d23153f9ea8be"
              }
            ],
            "network_interface_id": null,
            "password_data": "",
            "placement_group": "",
            "primary_network_interface_id": "eni-0db1d23153f9ea8be",
            "private_dns": "ip-192-168-104-104.ec2.internal",
            "private_ip": "192.168.104.104",
            "public_dns": "",
            "public_ip": "",
            "root_block_device": [
              {
                "delete_on_termination": true,
                "encrypted": false,
                "iops": 100,
                "kms_key_id": "",
                "volume_id": "vol-08a8aa187b08d382c",
                "volume_size": 30,
                "volume_type": "gp2"
              }
            ],
            "security_groups": [],
            "source_dest_check": true,
            "subnet_id": "subnet-0be916f55ae1d0c73",
            "tags": {
              "Name": "iac-instance"
            },
            "tenancy": "default",
            "timeouts": null,
            "user_data": null,
            "user_data_base64": null,
            "volume_tags": {},
            "vpc_security_group_ids": [
              "sg-0f63ed3d1f2724791"
            ]
          },
          "private": "eyJlMmJmYjczMC1lY2FhLTExZTYtOGY4OC0zNDM2M2JjN2M0YzAiOnsiY3JlYXRlIjo2MDAwMDAwMDAwMDAsImRlbGV0ZSI6MTIwMDAwMDAwMDAwMCwidXBkYXRlIjo2MDAwMDAwMDAwMDB9LCJzY2hlbWFfdmVyc2lvbiI6IjEifQ==",
          "dependencies": [
            "aws_iam_instance_profile.iac_instance_profile",
            "aws_iam_role.iac_instance_role",
            "aws_internet_gateway.iac_igw",
            "aws_network_interface.iac_instance_if",
            "aws_security_group.iac_sg_instance",
            "aws_subnet.iac_vpc_subnet_04",
            "aws_vpc.iac_vpc"
          ]
        }
      ]
    },
    {
      "mode": "managed",
      "type": "aws_instance",
      "name": "iac_work_node_a",
      "provider": "provider.aws",
      "instances": [
        {
          "schema_version": 1,
          "attributes": {
            "ami": "ami-0b69ea66ff7391e80",
            "arn": "arn:aws:ec2:us-east-1:227389759256:instance/i-0f5ba32cd9711d3b8",
            "associate_public_ip_address": false,
            "availability_zone": "us-east-1a",
            "cpu_core_count": 1,
            "cpu_threads_per_core": 1,
            "credit_specification": [
              {
                "cpu_credits": "standard"
              }
            ],
            "disable_api_termination": false,
            "ebs_block_device": [],
            "ebs_optimized": false,
            "ephemeral_block_device": [],
            "get_password_data": false,
            "host_id": null,
            "iam_instance_profile": "iac-worknodes-profile",
            "id": "i-0f5ba32cd9711d3b8",
            "instance_initiated_shutdown_behavior": null,
            "instance_state": "running",
            "instance_type": "t2.micro",
            "ipv6_address_count": 0,
            "ipv6_addresses": [],
            "key_name": "zhang-key-pair-st2",
            "monitoring": false,
            "network_interface": [
              {
                "delete_on_termination": false,
                "device_index": 0,
                "network_interface_id": "eni-0cafcc9de92b9bf26"
              }
            ],
            "network_interface_id": null,
            "password_data": "",
            "placement_group": "",
            "primary_network_interface_id": "eni-0cafcc9de92b9bf26",
            "private_dns": "ip-192-168-101-101.ec2.internal",
            "private_ip": "192.168.101.101",
            "public_dns": "",
            "public_ip": "",
            "root_block_device": [
              {
                "delete_on_termination": true,
                "encrypted": false,
                "iops": 100,
                "kms_key_id": "",
                "volume_id": "vol-06a48f76c64a78566",
                "volume_size": 30,
                "volume_type": "gp2"
              }
            ],
            "security_groups": [],
            "source_dest_check": true,
            "subnet_id": "subnet-077d775f6aa9aefaa",
            "tags": {
              "Name": "iac-work-node-a"
            },
            "tenancy": "default",
            "timeouts": null,
            "user_data": null,
            "user_data_base64": null,
            "volume_tags": {},
            "vpc_security_group_ids": [
              "sg-04303b231bd554531"
            ]
          },
          "private": "eyJlMmJmYjczMC1lY2FhLTExZTYtOGY4OC0zNDM2M2JjN2M0YzAiOnsiY3JlYXRlIjo2MDAwMDAwMDAwMDAsImRlbGV0ZSI6MTIwMDAwMDAwMDAwMCwidXBkYXRlIjo2MDAwMDAwMDAwMDB9LCJzY2hlbWFfdmVyc2lvbiI6IjEifQ==",
          "dependencies": [
            "aws_eip.iac_nat_ip",
            "aws_iam_instance_profile.iac_worknodes_profile",
            "aws_iam_role.iac_worknodes_role",
            "aws_internet_gateway.iac_igw",
            "aws_nat_gateway.iac_nat",
            "aws_network_interface.iac_worknode_a_if",
            "aws_security_group.iac_sg_worknode",
            "aws_subnet.iac_vpc_subnet_01",
            "aws_subnet.iac_vpc_subnet_04",
            "aws_vpc.iac_vpc"
          ]
        }
      ]
    },
    {
      "mode": "managed",
      "type": "aws_instance",
      "name": "iac_work_node_b",
      "provider": "provider.aws",
      "instances": [
        {
          "schema_version": 1,
          "attributes": {
            "ami": "ami-0b69ea66ff7391e80",
            "arn": "arn:aws:ec2:us-east-1:227389759256:instance/i-0cff7eb88ad1df0f7",
            "associate_public_ip_address": false,
            "availability_zone": "us-east-1a",
            "cpu_core_count": 1,
            "cpu_threads_per_core": 1,
            "credit_specification": [
              {
                "cpu_credits": "standard"
              }
            ],
            "disable_api_termination": false,
            "ebs_block_device": [],
            "ebs_optimized": false,
            "ephemeral_block_device": [],
            "get_password_data": false,
            "host_id": null,
            "iam_instance_profile": "iac-worknodes-profile",
            "id": "i-0cff7eb88ad1df0f7",
            "instance_initiated_shutdown_behavior": null,
            "instance_state": "running",
            "instance_type": "t2.micro",
            "ipv6_address_count": 0,
            "ipv6_addresses": [],
            "key_name": "zhang-key-pair-st2",
            "monitoring": false,
            "network_interface": [
              {
                "delete_on_termination": false,
                "device_index": 0,
                "network_interface_id": "eni-04ea224544c886b7c"
              }
            ],
            "network_interface_id": null,
            "password_data": "",
            "placement_group": "",
            "primary_network_interface_id": "eni-04ea224544c886b7c",
            "private_dns": "ip-192-168-102-102.ec2.internal",
            "private_ip": "192.168.102.102",
            "public_dns": "",
            "public_ip": "",
            "root_block_device": [
              {
                "delete_on_termination": true,
                "encrypted": false,
                "iops": 100,
                "kms_key_id": "",
                "volume_id": "vol-09bd008cb5202db94",
                "volume_size": 30,
                "volume_type": "gp2"
              }
            ],
            "security_groups": [],
            "source_dest_check": true,
            "subnet_id": "subnet-08c0570388515d808",
            "tags": {
              "Name": "iac-work-node-b"
            },
            "tenancy": "default",
            "timeouts": null,
            "user_data": null,
            "user_data_base64": null,
            "volume_tags": {},
            "vpc_security_group_ids": [
              "sg-04303b231bd554531"
            ]
          },
          "private": "eyJlMmJmYjczMC1lY2FhLTExZTYtOGY4OC0zNDM2M2JjN2M0YzAiOnsiY3JlYXRlIjo2MDAwMDAwMDAwMDAsImRlbGV0ZSI6MTIwMDAwMDAwMDAwMCwidXBkYXRlIjo2MDAwMDAwMDAwMDB9LCJzY2hlbWFfdmVyc2lvbiI6IjEifQ==",
          "dependencies": [
            "aws_eip.iac_nat_ip",
            "aws_iam_instance_profile.iac_worknodes_profile",
            "aws_iam_role.iac_worknodes_role",
            "aws_internet_gateway.iac_igw",
            "aws_nat_gateway.iac_nat",
            "aws_network_interface.iac_worknode_b_if",
            "aws_security_group.iac_sg_worknode",
            "aws_subnet.iac_vpc_subnet_02",
            "aws_subnet.iac_vpc_subnet_04",
            "aws_vpc.iac_vpc"
          ]
        }
      ]
    },
    {
      "mode": "managed",
      "type": "aws_instance",
      "name": "iac_work_node_c",
      "provider": "provider.aws",
      "instances": [
        {
          "schema_version": 1,
          "attributes": {
            "ami": "ami-0b69ea66ff7391e80",
            "arn": "arn:aws:ec2:us-east-1:227389759256:instance/i-0187b54d61b8ef106",
            "associate_public_ip_address": false,
            "availability_zone": "us-east-1a",
            "cpu_core_count": 1,
            "cpu_threads_per_core": 1,
            "credit_specification": [
              {
                "cpu_credits": "standard"
              }
            ],
            "disable_api_termination": false,
            "ebs_block_device": [],
            "ebs_optimized": false,
            "ephemeral_block_device": [],
            "get_password_data": false,
            "host_id": null,
            "iam_instance_profile": "iac-worknodes-profile",
            "id": "i-0187b54d61b8ef106",
            "instance_initiated_shutdown_behavior": null,
            "instance_state": "running",
            "instance_type": "t2.micro",
            "ipv6_address_count": 0,
            "ipv6_addresses": [],
            "key_name": "zhang-key-pair-st2",
            "monitoring": false,
            "network_interface": [
              {
                "delete_on_termination": false,
                "device_index": 0,
                "network_interface_id": "eni-0b74b0b111dbea130"
              }
            ],
            "network_interface_id": null,
            "password_data": "",
            "placement_group": "",
            "primary_network_interface_id": "eni-0b74b0b111dbea130",
            "private_dns": "ip-192-168-103-103.ec2.internal",
            "private_ip": "192.168.103.103",
            "public_dns": "",
            "public_ip": "",
            "root_block_device": [
              {
                "delete_on_termination": true,
                "encrypted": false,
                "iops": 100,
                "kms_key_id": "",
                "volume_id": "vol-0f9c7771d206ede7e",
                "volume_size": 30,
                "volume_type": "gp2"
              }
            ],
            "security_groups": [],
            "source_dest_check": true,
            "subnet_id": "subnet-089b1b79753e65db3",
            "tags": {
              "Name": "iac-work-node-c"
            },
            "tenancy": "default",
            "timeouts": null,
            "user_data": null,
            "user_data_base64": null,
            "volume_tags": {},
            "vpc_security_group_ids": [
              "sg-04303b231bd554531"
            ]
          },
          "private": "eyJlMmJmYjczMC1lY2FhLTExZTYtOGY4OC0zNDM2M2JjN2M0YzAiOnsiY3JlYXRlIjo2MDAwMDAwMDAwMDAsImRlbGV0ZSI6MTIwMDAwMDAwMDAwMCwidXBkYXRlIjo2MDAwMDAwMDAwMDB9LCJzY2hlbWFfdmVyc2lvbiI6IjEifQ==",
          "dependencies": [
            "aws_eip.iac_nat_ip",
            "aws_iam_instance_profile.iac_worknodes_profile",
            "aws_iam_role.iac_worknodes_role",
            "aws_internet_gateway.iac_igw",
            "aws_nat_gateway.iac_nat",
            "aws_network_interface.iac_worknode_c_if",
            "aws_security_group.iac_sg_worknode",
            "aws_subnet.iac_vpc_subnet_03",
            "aws_subnet.iac_vpc_subnet_04",
            "aws_vpc.iac_vpc"
          ]
        }
      ]
    },
    {
      "mode": "managed",
      "type": "aws_internet_gateway",
      "name": "iac_igw",
      "provider": "provider.aws",
      "instances": [
        {
          "schema_version": 0,
          "attributes": {
            "id": "igw-07a8f1f874f46f2c5",
            "owner_id": "227389759256",
            "tags": {
              "Name": "iac-internet-gateway"
            },
            "vpc_id": "vpc-00f850748d4126b5c"
          },
          "private": "bnVsbA==",
          "dependencies": [
            "aws_vpc.iac_vpc"
          ]
        }
      ]
    },
    {
      "mode": "managed",
      "type": "aws_main_route_table_association",
      "name": "iac_main_route_table",
      "provider": "provider.aws",
      "instances": [
        {
          "schema_version": 0,
          "attributes": {
            "id": "rtbassoc-02c88016ce03299c0",
            "original_route_table_id": "rtb-0561c108b4eac7726",
            "route_table_id": "rtb-0745df21a9c6397f0",
            "vpc_id": "vpc-00f850748d4126b5c"
          },
          "private": "bnVsbA==",
          "dependencies": [
            "aws_eip.iac_nat_ip",
            "aws_internet_gateway.iac_igw",
            "aws_nat_gateway.iac_nat",
            "aws_route_table.iac_rt",
            "aws_subnet.iac_vpc_subnet_04",
            "aws_vpc.iac_vpc"
          ]
        }
      ]
    },
    {
      "mode": "managed",
      "type": "aws_nat_gateway",
      "name": "iac_nat",
      "provider": "provider.aws",
      "instances": [
        {
          "schema_version": 0,
          "attributes": {
            "allocation_id": "eipalloc-029080ca34c2fa554",
            "id": "nat-085b71133ee00b02a",
            "network_interface_id": "eni-05a19613ea344a9a1",
            "private_ip": "192.168.104.239",
            "public_ip": "35.170.95.182",
            "subnet_id": "subnet-0be916f55ae1d0c73",
            "tags": {
              "Name": "iac_nat_gateway"
            }
          },
          "private": "bnVsbA==",
          "dependencies": [
            "aws_eip.iac_nat_ip",
            "aws_internet_gateway.iac_igw",
            "aws_subnet.iac_vpc_subnet_04",
            "aws_vpc.iac_vpc"
          ]
        }
      ]
    },
    {
      "mode": "managed",
      "type": "aws_network_interface",
      "name": "iac_instance_if",
      "provider": "provider.aws",
      "instances": [
        {
          "schema_version": 0,
          "attributes": {
            "attachment": [],
            "description": "",
            "id": "eni-0db1d23153f9ea8be",
            "mac_address": "12:9d:6f:a3:8a:8d",
            "private_dns_name": "ip-192-168-104-104.ec2.internal",
            "private_ip": "192.168.104.104",
            "private_ips": [
              "192.168.104.104"
            ],
            "private_ips_count": 0,
            "security_groups": [
              "sg-0f63ed3d1f2724791"
            ],
            "source_dest_check": true,
            "subnet_id": "subnet-0be916f55ae1d0c73",
            "tags": {
              "Name": "iac_instance_if"
            }
          },
          "private": "bnVsbA==",
          "dependencies": [
            "aws_security_group.iac_sg_instance",
            "aws_subnet.iac_vpc_subnet_04",
            "aws_vpc.iac_vpc"
          ]
        }
      ]
    },
    {
      "mode": "managed",
      "type": "aws_network_interface",
      "name": "iac_worknode_a_if",
      "provider": "provider.aws",
      "instances": [
        {
          "schema_version": 0,
          "attributes": {
            "attachment": [],
            "description": "",
            "id": "eni-0cafcc9de92b9bf26",
            "mac_address": "12:52:c4:4e:86:0f",
            "private_dns_name": "ip-192-168-101-101.ec2.internal",
            "private_ip": "192.168.101.101",
            "private_ips": [
              "192.168.101.101"
            ],
            "private_ips_count": 0,
            "security_groups": [
              "sg-04303b231bd554531"
            ],
            "source_dest_check": true,
            "subnet_id": "subnet-077d775f6aa9aefaa",
            "tags": {
              "Name": "iac_worknode_a_if"
            }
          },
          "private": "bnVsbA==",
          "dependencies": [
            "aws_security_group.iac_sg_worknode",
            "aws_subnet.iac_vpc_subnet_01",
            "aws_vpc.iac_vpc"
          ]
        }
      ]
    },
    {
      "mode": "managed",
      "type": "aws_network_interface",
      "name": "iac_worknode_b_if",
      "provider": "provider.aws",
      "instances": [
        {
          "schema_version": 0,
          "attributes": {
            "attachment": [],
            "description": "",
            "id": "eni-04ea224544c886b7c",
            "mac_address": "12:5a:67:26:e2:f7",
            "private_dns_name": "ip-192-168-102-102.ec2.internal",
            "private_ip": "192.168.102.102",
            "private_ips": [
              "192.168.102.102"
            ],
            "private_ips_count": 0,
            "security_groups": [
              "sg-04303b231bd554531"
            ],
            "source_dest_check": true,
            "subnet_id": "subnet-08c0570388515d808",
            "tags": {
              "Name": "iac_worknode_b_if"
            }
          },
          "private": "bnVsbA==",
          "dependencies": [
            "aws_security_group.iac_sg_worknode",
            "aws_subnet.iac_vpc_subnet_02",
            "aws_vpc.iac_vpc"
          ]
        }
      ]
    },
    {
      "mode": "managed",
      "type": "aws_network_interface",
      "name": "iac_worknode_c_if",
      "provider": "provider.aws",
      "instances": [
        {
          "schema_version": 0,
          "attributes": {
            "attachment": [],
            "description": "",
            "id": "eni-0b74b0b111dbea130",
            "mac_address": "12:12:7c:ab:52:dd",
            "private_dns_name": "ip-192-168-103-103.ec2.internal",
            "private_ip": "192.168.103.103",
            "private_ips": [
              "192.168.103.103"
            ],
            "private_ips_count": 0,
            "security_groups": [
              "sg-04303b231bd554531"
            ],
            "source_dest_check": true,
            "subnet_id": "subnet-089b1b79753e65db3",
            "tags": {
              "Name": "iac_worknode_c_if"
            }
          },
          "private": "bnVsbA==",
          "dependencies": [
            "aws_security_group.iac_sg_worknode",
            "aws_subnet.iac_vpc_subnet_03",
            "aws_vpc.iac_vpc"
          ]
        }
      ]
    },
    {
      "mode": "managed",
      "type": "aws_route_table",
      "name": "iac_igw_rt",
      "provider": "provider.aws",
      "instances": [
        {
          "schema_version": 0,
          "attributes": {
            "id": "rtb-0327a9bd85039e7b9",
            "owner_id": "227389759256",
            "propagating_vgws": [],
            "route": [
              {
                "cidr_block": "0.0.0.0/0",
                "egress_only_gateway_id": "",
                "gateway_id": "igw-07a8f1f874f46f2c5",
                "instance_id": "",
                "ipv6_cidr_block": "",
                "nat_gateway_id": "",
                "network_interface_id": "",
                "transit_gateway_id": "",
                "vpc_peering_connection_id": ""
              }
            ],
            "tags": {
              "Name": "iac-igw-custom-route-table"
            },
            "vpc_id": "vpc-00f850748d4126b5c"
          },
          "private": "bnVsbA==",
          "dependencies": [
            "aws_internet_gateway.iac_igw",
            "aws_vpc.iac_vpc"
          ]
        }
      ]
    },
    {
      "mode": "managed",
      "type": "aws_route_table",
      "name": "iac_rt",
      "provider": "provider.aws",
      "instances": [
        {
          "schema_version": 0,
          "attributes": {
            "id": "rtb-0745df21a9c6397f0",
            "owner_id": "227389759256",
            "propagating_vgws": [],
            "route": [
              {
                "cidr_block": "0.0.0.0/0",
                "egress_only_gateway_id": "",
                "gateway_id": "nat-085b71133ee00b02a",
                "instance_id": "",
                "ipv6_cidr_block": "",
                "nat_gateway_id": "",
                "network_interface_id": "",
                "transit_gateway_id": "",
                "vpc_peering_connection_id": ""
              }
            ],
            "tags": {
              "Name": "iac-nat-main-route-table"
            },
            "vpc_id": "vpc-00f850748d4126b5c"
          },
          "private": "bnVsbA==",
          "dependencies": [
            "aws_eip.iac_nat_ip",
            "aws_internet_gateway.iac_igw",
            "aws_nat_gateway.iac_nat",
            "aws_subnet.iac_vpc_subnet_04",
            "aws_vpc.iac_vpc"
          ]
        }
      ]
    },
    {
      "mode": "managed",
      "type": "aws_route_table_association",
      "name": "iac_igw_rt_association_04",
      "provider": "provider.aws",
      "instances": [
        {
          "schema_version": 0,
          "attributes": {
            "gateway_id": null,
            "id": "rtbassoc-0fb23e13bc825b661",
            "route_table_id": "rtb-0327a9bd85039e7b9",
            "subnet_id": "subnet-0be916f55ae1d0c73"
          },
          "private": "bnVsbA==",
          "dependencies": [
            "aws_internet_gateway.iac_igw",
            "aws_route_table.iac_igw_rt",
            "aws_subnet.iac_vpc_subnet_04",
            "aws_vpc.iac_vpc"
          ]
        }
      ]
    },
    {
      "mode": "managed",
      "type": "aws_route_table_association",
      "name": "iac_rt_association_01",
      "provider": "provider.aws",
      "instances": [
        {
          "schema_version": 0,
          "attributes": {
            "gateway_id": null,
            "id": "rtbassoc-09f1528a97077b7fd",
            "route_table_id": "rtb-0745df21a9c6397f0",
            "subnet_id": "subnet-077d775f6aa9aefaa"
          },
          "private": "bnVsbA==",
          "dependencies": [
            "aws_eip.iac_nat_ip",
            "aws_internet_gateway.iac_igw",
            "aws_nat_gateway.iac_nat",
            "aws_route_table.iac_rt",
            "aws_subnet.iac_vpc_subnet_01",
            "aws_subnet.iac_vpc_subnet_04",
            "aws_vpc.iac_vpc"
          ]
        }
      ]
    },
    {
      "mode": "managed",
      "type": "aws_route_table_association",
      "name": "iac_rt_association_02",
      "provider": "provider.aws",
      "instances": [
        {
          "schema_version": 0,
          "attributes": {
            "gateway_id": null,
            "id": "rtbassoc-00ccfb712622bd87b",
            "route_table_id": "rtb-0745df21a9c6397f0",
            "subnet_id": "subnet-08c0570388515d808"
          },
          "private": "bnVsbA==",
          "dependencies": [
            "aws_eip.iac_nat_ip",
            "aws_internet_gateway.iac_igw",
            "aws_nat_gateway.iac_nat",
            "aws_route_table.iac_rt",
            "aws_subnet.iac_vpc_subnet_02",
            "aws_subnet.iac_vpc_subnet_04",
            "aws_vpc.iac_vpc"
          ]
        }
      ]
    },
    {
      "mode": "managed",
      "type": "aws_route_table_association",
      "name": "iac_rt_association_03",
      "provider": "provider.aws",
      "instances": [
        {
          "schema_version": 0,
          "attributes": {
            "gateway_id": null,
            "id": "rtbassoc-02c5babb1718a85b4",
            "route_table_id": "rtb-0745df21a9c6397f0",
            "subnet_id": "subnet-089b1b79753e65db3"
          },
          "private": "bnVsbA==",
          "dependencies": [
            "aws_eip.iac_nat_ip",
            "aws_internet_gateway.iac_igw",
            "aws_nat_gateway.iac_nat",
            "aws_route_table.iac_rt",
            "aws_subnet.iac_vpc_subnet_03",
            "aws_subnet.iac_vpc_subnet_04",
            "aws_vpc.iac_vpc"
          ]
        }
      ]
    },
    {
      "mode": "managed",
      "type": "aws_security_group",
      "name": "iac_sg_instance",
      "provider": "provider.aws",
      "instances": [
        {
          "schema_version": 1,
          "attributes": {
            "arn": "arn:aws:ec2:us-east-1:227389759256:security-group/sg-0f63ed3d1f2724791",
            "description": " security for public instance",
            "egress": [
              {
                "cidr_blocks": [
                  "0.0.0.0/0"
                ],
                "description": "",
                "from_port": 0,
                "ipv6_cidr_blocks": [],
                "prefix_list_ids": [],
                "protocol": "-1",
                "security_groups": [],
                "self": false,
                "to_port": 0
              }
            ],
            "id": "sg-0f63ed3d1f2724791",
            "ingress": [
              {
                "cidr_blocks": [
                  "0.0.0.0/0"
                ],
                "description": "",
                "from_port": 0,
                "ipv6_cidr_blocks": [],
                "prefix_list_ids": [],
                "protocol": "-1",
                "security_groups": [],
                "self": false,
                "to_port": 0
              }
            ],
            "name": "iac-security-group-for-instance",
            "name_prefix": null,
            "owner_id": "227389759256",
            "revoke_rules_on_delete": false,
            "tags": {
              "Name": "iac_sg_instance"
            },
            "timeouts": null,
            "vpc_id": "vpc-00f850748d4126b5c"
          },
          "private": "eyJlMmJmYjczMC1lY2FhLTExZTYtOGY4OC0zNDM2M2JjN2M0YzAiOnsiY3JlYXRlIjo2MDAwMDAwMDAwMDAsImRlbGV0ZSI6NjAwMDAwMDAwMDAwfSwic2NoZW1hX3ZlcnNpb24iOiIxIn0=",
          "dependencies": [
            "aws_vpc.iac_vpc"
          ]
        }
      ]
    },
    {
      "mode": "managed",
      "type": "aws_security_group",
      "name": "iac_sg_worknode",
      "provider": "provider.aws",
      "instances": [
        {
          "schema_version": 1,
          "attributes": {
            "arn": "arn:aws:ec2:us-east-1:227389759256:security-group/sg-04303b231bd554531",
            "description": "security for work nodes inside nat",
            "egress": [
              {
                "cidr_blocks": [
                  "0.0.0.0/0"
                ],
                "description": "",
                "from_port": 0,
                "ipv6_cidr_blocks": [],
                "prefix_list_ids": [],
                "protocol": "-1",
                "security_groups": [],
                "self": false,
                "to_port": 0
              }
            ],
            "id": "sg-04303b231bd554531",
            "ingress": [
              {
                "cidr_blocks": [
                  "0.0.0.0/0"
                ],
                "description": "",
                "from_port": 0,
                "ipv6_cidr_blocks": [],
                "prefix_list_ids": [],
                "protocol": "-1",
                "security_groups": [],
                "self": false,
                "to_port": 0
              }
            ],
            "name": "iac-sg-worknode",
            "name_prefix": null,
            "owner_id": "227389759256",
            "revoke_rules_on_delete": false,
            "tags": {
              "Name": "iac-sg-worknode"
            },
            "timeouts": null,
            "vpc_id": "vpc-00f850748d4126b5c"
          },
          "private": "eyJlMmJmYjczMC1lY2FhLTExZTYtOGY4OC0zNDM2M2JjN2M0YzAiOnsiY3JlYXRlIjo2MDAwMDAwMDAwMDAsImRlbGV0ZSI6NjAwMDAwMDAwMDAwfSwic2NoZW1hX3ZlcnNpb24iOiIxIn0=",
          "dependencies": [
            "aws_vpc.iac_vpc"
          ]
        }
      ]
    },
    {
      "mode": "managed",
      "type": "aws_subnet",
      "name": "iac_vpc_subnet_01",
      "provider": "provider.aws",
      "instances": [
        {
          "schema_version": 1,
          "attributes": {
            "arn": "arn:aws:ec2:us-east-1:227389759256:subnet/subnet-077d775f6aa9aefaa",
            "assign_ipv6_address_on_creation": false,
            "availability_zone": "us-east-1a",
            "availability_zone_id": "use1-az2",
            "cidr_block": "192.168.101.0/24",
            "id": "subnet-077d775f6aa9aefaa",
            "ipv6_cidr_block": "",
            "ipv6_cidr_block_association_id": "",
            "map_public_ip_on_launch": false,
            "owner_id": "227389759256",
            "tags": {
              "Name": "iac-eks-vpc-subnet01"
            },
            "timeouts": null,
            "vpc_id": "vpc-00f850748d4126b5c"
          },
          "private": "eyJlMmJmYjczMC1lY2FhLTExZTYtOGY4OC0zNDM2M2JjN2M0YzAiOnsiY3JlYXRlIjo2MDAwMDAwMDAwMDAsImRlbGV0ZSI6MTIwMDAwMDAwMDAwMH0sInNjaGVtYV92ZXJzaW9uIjoiMSJ9",
          "dependencies": [
            "aws_vpc.iac_vpc"
          ]
        }
      ]
    },
    {
      "mode": "managed",
      "type": "aws_subnet",
      "name": "iac_vpc_subnet_02",
      "provider": "provider.aws",
      "instances": [
        {
          "schema_version": 1,
          "attributes": {
            "arn": "arn:aws:ec2:us-east-1:227389759256:subnet/subnet-08c0570388515d808",
            "assign_ipv6_address_on_creation": false,
            "availability_zone": "us-east-1a",
            "availability_zone_id": "use1-az2",
            "cidr_block": "192.168.102.0/24",
            "id": "subnet-08c0570388515d808",
            "ipv6_cidr_block": "",
            "ipv6_cidr_block_association_id": "",
            "map_public_ip_on_launch": false,
            "owner_id": "227389759256",
            "tags": {
              "Name": "iac-eks-vpc-subnet02"
            },
            "timeouts": null,
            "vpc_id": "vpc-00f850748d4126b5c"
          },
          "private": "eyJlMmJmYjczMC1lY2FhLTExZTYtOGY4OC0zNDM2M2JjN2M0YzAiOnsiY3JlYXRlIjo2MDAwMDAwMDAwMDAsImRlbGV0ZSI6MTIwMDAwMDAwMDAwMH0sInNjaGVtYV92ZXJzaW9uIjoiMSJ9",
          "dependencies": [
            "aws_vpc.iac_vpc"
          ]
        }
      ]
    },
    {
      "mode": "managed",
      "type": "aws_subnet",
      "name": "iac_vpc_subnet_03",
      "provider": "provider.aws",
      "instances": [
        {
          "schema_version": 1,
          "attributes": {
            "arn": "arn:aws:ec2:us-east-1:227389759256:subnet/subnet-089b1b79753e65db3",
            "assign_ipv6_address_on_creation": false,
            "availability_zone": "us-east-1a",
            "availability_zone_id": "use1-az2",
            "cidr_block": "192.168.103.0/24",
            "id": "subnet-089b1b79753e65db3",
            "ipv6_cidr_block": "",
            "ipv6_cidr_block_association_id": "",
            "map_public_ip_on_launch": false,
            "owner_id": "227389759256",
            "tags": {
              "Name": "iac-eks-vpc-subnet03"
            },
            "timeouts": null,
            "vpc_id": "vpc-00f850748d4126b5c"
          },
          "private": "eyJlMmJmYjczMC1lY2FhLTExZTYtOGY4OC0zNDM2M2JjN2M0YzAiOnsiY3JlYXRlIjo2MDAwMDAwMDAwMDAsImRlbGV0ZSI6MTIwMDAwMDAwMDAwMH0sInNjaGVtYV92ZXJzaW9uIjoiMSJ9",
          "dependencies": [
            "aws_vpc.iac_vpc"
          ]
        }
      ]
    },
    {
      "mode": "managed",
      "type": "aws_subnet",
      "name": "iac_vpc_subnet_04",
      "provider": "provider.aws",
      "instances": [
        {
          "schema_version": 1,
          "attributes": {
            "arn": "arn:aws:ec2:us-east-1:227389759256:subnet/subnet-0be916f55ae1d0c73",
            "assign_ipv6_address_on_creation": false,
            "availability_zone": "us-east-1a",
            "availability_zone_id": "use1-az2",
            "cidr_block": "192.168.104.0/24",
            "id": "subnet-0be916f55ae1d0c73",
            "ipv6_cidr_block": "",
            "ipv6_cidr_block_association_id": "",
            "map_public_ip_on_launch": false,
            "owner_id": "227389759256",
            "tags": {
              "Name": "iac-eks-vpc-subnet04"
            },
            "timeouts": null,
            "vpc_id": "vpc-00f850748d4126b5c"
          },
          "private": "eyJlMmJmYjczMC1lY2FhLTExZTYtOGY4OC0zNDM2M2JjN2M0YzAiOnsiY3JlYXRlIjo2MDAwMDAwMDAwMDAsImRlbGV0ZSI6MTIwMDAwMDAwMDAwMH0sInNjaGVtYV92ZXJzaW9uIjoiMSJ9",
          "dependencies": [
            "aws_vpc.iac_vpc"
          ]
        }
      ]
    },
    {
      "mode": "managed",
      "type": "aws_vpc",
      "name": "iac_vpc",
      "provider": "provider.aws",
      "instances": [
        {
          "schema_version": 1,
          "attributes": {
            "arn": "arn:aws:ec2:us-east-1:227389759256:vpc/vpc-00f850748d4126b5c",
            "assign_generated_ipv6_cidr_block": false,
            "cidr_block": "192.168.0.0/16",
            "default_network_acl_id": "acl-0444b42b336d7af04",
            "default_route_table_id": "rtb-0561c108b4eac7726",
            "default_security_group_id": "sg-0560e719f1ac098ba",
            "dhcp_options_id": "dopt-0f2915db78ea09f86",
            "enable_classiclink": false,
            "enable_classiclink_dns_support": false,
            "enable_dns_hostnames": true,
            "enable_dns_support": true,
            "id": "vpc-00f850748d4126b5c",
            "instance_tenancy": "default",
            "ipv6_association_id": "",
            "ipv6_cidr_block": "",
            "main_route_table_id": "rtb-0561c108b4eac7726",
            "owner_id": "227389759256",
            "tags": {
              "Name": "iac-vpc"
            }
          },
          "private": "eyJzY2hlbWFfdmVyc2lvbiI6IjEifQ=="
        }
      ]
    }
  ]
}
