{
  "version": 4,
  "terraform_version": "0.12.18",
  "serial": 1,
  "lineage": "a25d6550-63b3-0e4a-9274-19898a721c3a",
  "outputs": {},
  "resources": [
    {
      "mode": "managed",
      "type": "aws_ecr_repository",
      "name": "iac_ecr_repository_no_policy",
      "provider": "provider.aws",
      "instances": [
        {
          "schema_version": 0,
          "attributes": {
            "arn": "arn:aws:ecr:us-east-1:227389759256:repository/iac_ecr_repository_no_policy",
            "id": "iac_ecr_repository_no_policy",
            "image_scanning_configuration": [
              {
                "scan_on_push": true
              }
            ],
            "image_tag_mutability": "MUTABLE",
            "name": "iac_ecr_repository_no_policy",
            "registry_id": "227389759256",
            "repository_url": "227389759256.dkr.ecr.us-east-1.amazonaws.com/iac_ecr_repository_no_policy",
            "tags": null,
            "timeouts": null
          },
          "private": "eyJlMmJmYjczMC1lY2FhLTExZTYtOGY4OC0zNDM2M2JjN2M0YzAiOnsiZGVsZXRlIjoxMjAwMDAwMDAwMDAwfX0="
        }
      ]
    }
  ]
}
