{
  "version": 4,
  "terraform_version": "0.12.18",
  "serial": 8,
  "lineage": "a9b2399b-300b-cc72-84ff-a54e34cc43d1",
  "outputs": {},
  "resources": [
    {
      "mode": "managed",
      "type": "aws_iam_policy",
      "name": "iac-role-s3-policy",
      "provider": "provider.aws",
      "instances": [
        {
          "schema_version": 0,
          "attributes": {
            "arn": "arn:aws:iam::227389759256:policy/iac-role-s3-policy",
            "description": "A test policy",
            "id": "arn:aws:iam::227389759256:policy/iac-role-s3-policy",
            "name": "iac-role-s3-policy",
            "name_prefix": null,
            "path": "/",
            "policy": "{\n  \"Version\": \"2012-10-17\",\n  \"Statement\": [\n    {\n      \"Action\": [\n        \"s3:*\"\n      ],\n      \"Effect\": \"Allow\",\n      \"Resource\": \"*\"\n    }\n  ]\n}\n"
          },
          "private": "bnVsbA=="
        }
      ]
    },
    {
      "mode": "managed",
      "type": "aws_iam_role",
      "name": "iac-s3-policy-role",
      "provider": "provider.aws",
      "instances": [
        {
          "schema_version": 0,
          "attributes": {
            "arn": "arn:aws:iam::227389759256:role/iac_s3_policy_role",
            "assume_role_policy": "{\"Version\":\"2012-10-17\",\"Statement\":[{\"Sid\":\"\",\"Effect\":\"Allow\",\"Principal\":{\"Service\":\"ec2.amazonaws.com\"},\"Action\":\"sts:AssumeRole\"}]}",
            "create_date": "2019-12-20T04:08:40Z",
            "description": "",
            "force_detach_policies": false,
            "id": "iac_s3_policy_role",
            "max_session_duration": 3600,
            "name": "iac_s3_policy_role",
            "name_prefix": null,
            "path": "/",
            "permissions_boundary": null,
            "tags": null,
            "unique_id": "AROATJ4L4L4MCCOBTJY7O"
          },
          "private": "bnVsbA=="
        }
      ]
    },
    {
      "mode": "managed",
      "type": "aws_iam_role_policy_attachment",
      "name": "iac-role-s3-policy-test-attach",
      "provider": "provider.aws",
      "instances": [
        {
          "schema_version": 0,
          "attributes": {
            "id": "iac_s3_policy_role-20191220040842843900000001",
            "policy_arn": "arn:aws:iam::227389759256:policy/iac-role-s3-policy",
            "role": "iac_s3_policy_role"
          },
          "private": "bnVsbA==",
          "dependencies": [
            "aws_iam_policy.iac-role-s3-policy",
            "aws_iam_role.iac-s3-policy-role"
          ]
        }
      ]
    }
  ]
}
