{
  "version": 4,
  "terraform_version": "0.12.18",
  "serial": 24,
  "lineage": "4beec3e8-313e-1d44-7750-2d6b1ce73184",
  "outputs": {},
  "resources": [
    {
      "mode": "managed",
      "type": "aws_elasticache_cluster",
      "name": "iac_redis_instance",
      "provider": "provider.aws",
      "instances": [
        {
          "schema_version": 0,
          "attributes": {
            "apply_immediately": null,
            "availability_zone": "us-east-1a",
            "availability_zones": null,
            "az_mode": "single-az",
            "cache_nodes": [
              {
                "address": "iac-redis-instance.zw0jkj.0001.use1.cache.amazonaws.com",
                "availability_zone": "us-east-1a",
                "id": "0001",
                "port": 6379
              }
            ],
            "cluster_address": null,
            "cluster_id": "iac-redis-instance",
            "configuration_endpoint": null,
            "engine": "redis",
            "engine_version": "5.0.0",
            "id": "iac-redis-instance",
            "maintenance_window": "fri:06:30-fri:07:30",
            "node_type": "cache.t2.micro",
            "notification_topic_arn": null,
            "num_cache_nodes": 1,
            "parameter_group_name": "default.redis5.0",
            "port": 6379,
            "preferred_availability_zones": null,
            "replication_group_id": null,
            "security_group_ids": [],
            "security_group_names": [],
            "snapshot_arns": null,
            "snapshot_name": null,
            "snapshot_retention_limit": 0,
            "snapshot_window": "08:30-09:30",
            "subnet_group_name": "iac-redis-subnet-group",
            "tags": null
          },
          "private": "bnVsbA==",
          "dependencies": [
            "aws_elasticache_subnet_group.iac_redis_subnet_group",
            "aws_subnet.iac_redis_subnet",
            "aws_vpc.iac_redis_vpc"
          ]
        }
      ]
    },
    {
      "mode": "managed",
      "type": "aws_elasticache_cluster",
      "name": "iac_redis_memcached_cluster",
      "provider": "provider.aws",
      "instances": [
        {
          "schema_version": 0,
          "attributes": {
            "apply_immediately": null,
            "availability_zone": "us-east-1a",
            "availability_zones": null,
            "az_mode": "single-az",
            "cache_nodes": [
              {
                "address": "iac-redis-memcached-cluster.zw0jkj.0001.use1.cache.amazonaws.com",
                "availability_zone": "us-east-1a",
                "id": "0001",
                "port": 11211
              },
              {
                "address": "iac-redis-memcached-cluster.zw0jkj.0002.use1.cache.amazonaws.com",
                "availability_zone": "us-east-1a",
                "id": "0002",
                "port": 11211
              }
            ],
            "cluster_address": "iac-redis-memcached-cluster.zw0jkj.cfg.use1.cache.amazonaws.com",
            "cluster_id": "iac-redis-memcached-cluster",
            "configuration_endpoint": "iac-redis-memcached-cluster.zw0jkj.cfg.use1.cache.amazonaws.com:11211",
            "engine": "memcached",
            "engine_version": "1.5.16",
            "id": "iac-redis-memcached-cluster",
            "maintenance_window": "sat:04:00-sat:05:00",
            "node_type": "cache.t2.micro",
            "notification_topic_arn": null,
            "num_cache_nodes": 2,
            "parameter_group_name": "default.memcached1.5",
            "port": 11211,
            "preferred_availability_zones": null,
            "replication_group_id": null,
            "security_group_ids": [],
            "security_group_names": [],
            "snapshot_arns": null,
            "snapshot_name": null,
            "snapshot_retention_limit": 0,
            "snapshot_window": "",
            "subnet_group_name": "iac-redis-subnet-group",
            "tags": null
          },
          "private": "bnVsbA==",
          "dependencies": [
            "aws_elasticache_subnet_group.iac_redis_subnet_group",
            "aws_subnet.iac_redis_subnet",
            "aws_vpc.iac_redis_vpc"
          ]
        }
      ]
    },
    {
      "mode": "managed",
      "type": "aws_elasticache_subnet_group",
      "name": "iac_redis_subnet_group",
      "provider": "provider.aws",
      "instances": [
        {
          "schema_version": 0,
          "attributes": {
            "description": "Managed by Terraform",
            "id": "iac-redis-subnet-group",
            "name": "iac-redis-subnet-group",
            "subnet_ids": [
              "subnet-05363be07b064ddad"
            ]
          },
          "private": "bnVsbA==",
          "dependencies": [
            "aws_subnet.iac_redis_subnet",
            "aws_vpc.iac_redis_vpc"
          ]
        }
      ]
    },
    {
      "mode": "managed",
      "type": "aws_subnet",
      "name": "iac_redis_subnet",
      "provider": "provider.aws",
      "instances": [
        {
          "schema_version": 1,
          "attributes": {
            "arn": "arn:aws:ec2:us-east-1:227389759256:subnet/subnet-05363be07b064ddad",
            "assign_ipv6_address_on_creation": false,
            "availability_zone": "us-east-1a",
            "availability_zone_id": "use1-az2",
            "cidr_block": "10.0.1.0/24",
            "id": "subnet-05363be07b064ddad",
            "ipv6_cidr_block": "",
            "ipv6_cidr_block_association_id": "",
            "map_public_ip_on_launch": false,
            "owner_id": "227389759256",
            "tags": {
              "Name": "iac_redis_subnet"
            },
            "timeouts": null,
            "vpc_id": "vpc-07d8bbce7426282cf"
          },
          "private": "eyJlMmJmYjczMC1lY2FhLTExZTYtOGY4OC0zNDM2M2JjN2M0YzAiOnsiY3JlYXRlIjo2MDAwMDAwMDAwMDAsImRlbGV0ZSI6MTIwMDAwMDAwMDAwMH0sInNjaGVtYV92ZXJzaW9uIjoiMSJ9",
          "dependencies": [
            "aws_vpc.iac_redis_vpc"
          ]
        }
      ]
    },
    {
      "mode": "managed",
      "type": "aws_vpc",
      "name": "iac_redis_vpc",
      "provider": "provider.aws",
      "instances": [
        {
          "schema_version": 1,
          "attributes": {
            "arn": "arn:aws:ec2:us-east-1:227389759256:vpc/vpc-07d8bbce7426282cf",
            "assign_generated_ipv6_cidr_block": false,
            "cidr_block": "10.0.0.0/16",
            "default_network_acl_id": "acl-0eff2162c6a591174",
            "default_route_table_id": "rtb-0a9c026ea65d82583",
            "default_security_group_id": "sg-0b181f0a607367b00",
            "dhcp_options_id": "dopt-0f2915db78ea09f86",
            "enable_classiclink": false,
            "enable_classiclink_dns_support": false,
            "enable_dns_hostnames": false,
            "enable_dns_support": true,
            "id": "vpc-07d8bbce7426282cf",
            "instance_tenancy": "default",
            "ipv6_association_id": "",
            "ipv6_cidr_block": "",
            "main_route_table_id": "rtb-0a9c026ea65d82583",
            "owner_id": "227389759256",
            "tags": {
              "Name": "iac_redis_vpc"
            }
          },
          "private": "eyJzY2hlbWFfdmVyc2lvbiI6IjEifQ=="
        }
      ]
    }
  ]
}
