{
  "version": 4,
  "terraform_version": "0.12.18",
  "serial": 5,
  "lineage": "5e987005-1816-ea34-c998-86f29266cd32",
  "outputs": {},
  "resources": [
    {
      "mode": "managed",
      "type": "aws_elasticache_cluster",
      "name": "iac_redis_instance",
      "provider": "provider.aws",
      "instances": [
        {
          "schema_version": 0,
          "attributes": {
            "apply_immediately": null,
            "availability_zone": "us-east-1a",
            "availability_zones": null,
            "az_mode": "single-az",
            "cache_nodes": [
              {
                "address": "iac-redis-instance.zw0jkj.0001.use1.cache.amazonaws.com",
                "availability_zone": "us-east-1a",
                "id": "0001",
                "port": 6379
              }
            ],
            "cluster_address": null,
            "cluster_id": "iac-redis-instance",
            "configuration_endpoint": null,
            "engine": "redis",
            "engine_version": "5.0.0",
            "id": "iac-redis-instance",
            "maintenance_window": "thu:05:30-thu:06:30",
            "node_type": "cache.t2.micro",
            "notification_topic_arn": null,
            "num_cache_nodes": 1,
            "parameter_group_name": "default.redis5.0",
            "port": 6379,
            "preferred_availability_zones": null,
            "replication_group_id": null,
            "security_group_ids": [],
            "security_group_names": [],
            "snapshot_arns": null,
            "snapshot_name": null,
            "snapshot_retention_limit": 0,
            "snapshot_window": "04:30-05:30",
            "subnet_group_name": "iac-redis-instance-subnet-group",
            "tags": null
          },
          "private": "bnVsbA==",
          "dependencies": [
            "aws_elasticache_subnet_group.iac_redis_instance_subnet_group",
            "aws_subnet.iac_redis_instance_subnet",
            "aws_vpc.iac_redis_instance_vpc"
          ]
        }
      ]
    },
    {
      "mode": "managed",
      "type": "aws_elasticache_subnet_group",
      "name": "iac_redis_instance_subnet_group",
      "provider": "provider.aws",
      "instances": [
        {
          "schema_version": 0,
          "attributes": {
            "description": "Managed by Terraform",
            "id": "iac-redis-instance-subnet-group",
            "name": "iac-redis-instance-subnet-group",
            "subnet_ids": [
              "subnet-0cb21a96f76e30aec"
            ]
          },
          "private": "bnVsbA==",
          "dependencies": [
            "aws_subnet.iac_redis_instance_subnet",
            "aws_vpc.iac_redis_instance_vpc"
          ]
        }
      ]
    },
    {
      "mode": "managed",
      "type": "aws_subnet",
      "name": "iac_redis_instance_subnet",
      "provider": "provider.aws",
      "instances": [
        {
          "schema_version": 1,
          "attributes": {
            "arn": "arn:aws:ec2:us-east-1:227389759256:subnet/subnet-0cb21a96f76e30aec",
            "assign_ipv6_address_on_creation": false,
            "availability_zone": "us-east-1a",
            "availability_zone_id": "use1-az2",
            "cidr_block": "10.0.1.0/24",
            "id": "subnet-0cb21a96f76e30aec",
            "ipv6_cidr_block": "",
            "ipv6_cidr_block_association_id": "",
            "map_public_ip_on_launch": false,
            "owner_id": "227389759256",
            "tags": {
              "Name": "iac_redis_instance_subnet"
            },
            "timeouts": null,
            "vpc_id": "vpc-019505f9cedbcd554"
          },
          "private": "eyJlMmJmYjczMC1lY2FhLTExZTYtOGY4OC0zNDM2M2JjN2M0YzAiOnsiY3JlYXRlIjo2MDAwMDAwMDAwMDAsImRlbGV0ZSI6MTIwMDAwMDAwMDAwMH0sInNjaGVtYV92ZXJzaW9uIjoiMSJ9",
          "dependencies": [
            "aws_vpc.iac_redis_instance_vpc"
          ]
        }
      ]
    },
    {
      "mode": "managed",
      "type": "aws_vpc",
      "name": "iac_redis_instance_vpc",
      "provider": "provider.aws",
      "instances": [
        {
          "schema_version": 1,
          "attributes": {
            "arn": "arn:aws:ec2:us-east-1:227389759256:vpc/vpc-019505f9cedbcd554",
            "assign_generated_ipv6_cidr_block": false,
            "cidr_block": "10.0.0.0/16",
            "default_network_acl_id": "acl-0ad06ac2bfa124b19",
            "default_route_table_id": "rtb-02f657734a8e5ec8d",
            "default_security_group_id": "sg-0a074dd8d6ad0d6c5",
            "dhcp_options_id": "dopt-0f2915db78ea09f86",
            "enable_classiclink": false,
            "enable_classiclink_dns_support": false,
            "enable_dns_hostnames": false,
            "enable_dns_support": true,
            "id": "vpc-019505f9cedbcd554",
            "instance_tenancy": "default",
            "ipv6_association_id": "",
            "ipv6_cidr_block": "",
            "main_route_table_id": "rtb-02f657734a8e5ec8d",
            "owner_id": "227389759256",
            "tags": {
              "Name": "iac_redis_instance_vpc"
            }
          },
          "private": "eyJzY2hlbWFfdmVyc2lvbiI6IjEifQ=="
        }
      ]
    }
  ]
}
