{
  "version": 4,
  "terraform_version": "0.12.18",
  "serial": 5,
  "lineage": "ceee48ef-ceb4-16f3-6f9b-4d6fe4de1976",
  "outputs": {},
  "resources": [
    {
      "mode": "managed",
      "type": "aws_elasticache_cluster",
      "name": "iac_memcached_cluster",
      "provider": "provider.aws",
      "instances": [
        {
          "schema_version": 0,
          "attributes": {
            "apply_immediately": null,
            "availability_zone": "us-east-1a",
            "availability_zones": null,
            "az_mode": "single-az",
            "cache_nodes": [
              {
                "address": "iac-memcached-cluster.zw0jkj.0001.use1.cache.amazonaws.com",
                "availability_zone": "us-east-1a",
                "id": "0001",
                "port": 11211
              },
              {
                "address": "iac-memcached-cluster.zw0jkj.0002.use1.cache.amazonaws.com",
                "availability_zone": "us-east-1a",
                "id": "0002",
                "port": 11211
              }
            ],
            "cluster_address": "iac-memcached-cluster.zw0jkj.cfg.use1.cache.amazonaws.com",
            "cluster_id": "iac-memcached-cluster",
            "configuration_endpoint": "iac-memcached-cluster.zw0jkj.cfg.use1.cache.amazonaws.com:11211",
            "engine": "memcached",
            "engine_version": "1.5.16",
            "id": "iac-memcached-cluster",
            "maintenance_window": "thu:07:00-thu:08:00",
            "node_type": "cache.t2.micro",
            "notification_topic_arn": null,
            "num_cache_nodes": 2,
            "parameter_group_name": "default.memcached1.5",
            "port": 11211,
            "preferred_availability_zones": null,
            "replication_group_id": null,
            "security_group_ids": [],
            "security_group_names": [],
            "snapshot_arns": null,
            "snapshot_name": null,
            "snapshot_retention_limit": 0,
            "snapshot_window": "",
            "subnet_group_name": "iac-memcached-subnet-group",
            "tags": null
          },
          "private": "bnVsbA==",
          "dependencies": [
            "aws_elasticache_subnet_group.iac_memcached_subnet_group",
            "aws_subnet.iac_memcached_subnet",
            "aws_vpc.iac_memcached_vpc"
          ]
        }
      ]
    },
    {
      "mode": "managed",
      "type": "aws_elasticache_subnet_group",
      "name": "iac_memcached_subnet_group",
      "provider": "provider.aws",
      "instances": [
        {
          "schema_version": 0,
          "attributes": {
            "description": "Managed by Terraform",
            "id": "iac-memcached-subnet-group",
            "name": "iac-memcached-subnet-group",
            "subnet_ids": [
              "subnet-0c04f7af32aae72d3"
            ]
          },
          "private": "bnVsbA==",
          "dependencies": [
            "aws_subnet.iac_memcached_subnet",
            "aws_vpc.iac_memcached_vpc"
          ]
        }
      ]
    },
    {
      "mode": "managed",
      "type": "aws_subnet",
      "name": "iac_memcached_subnet",
      "provider": "provider.aws",
      "instances": [
        {
          "schema_version": 1,
          "attributes": {
            "arn": "arn:aws:ec2:us-east-1:227389759256:subnet/subnet-0c04f7af32aae72d3",
            "assign_ipv6_address_on_creation": false,
            "availability_zone": "us-east-1a",
            "availability_zone_id": "use1-az2",
            "cidr_block": "10.1.1.0/24",
            "id": "subnet-0c04f7af32aae72d3",
            "ipv6_cidr_block": "",
            "ipv6_cidr_block_association_id": "",
            "map_public_ip_on_launch": false,
            "owner_id": "227389759256",
            "tags": {
              "Name": "iac_memcached_subnet"
            },
            "timeouts": null,
            "vpc_id": "vpc-09a231fb6813caf23"
          },
          "private": "eyJlMmJmYjczMC1lY2FhLTExZTYtOGY4OC0zNDM2M2JjN2M0YzAiOnsiY3JlYXRlIjo2MDAwMDAwMDAwMDAsImRlbGV0ZSI6MTIwMDAwMDAwMDAwMH0sInNjaGVtYV92ZXJzaW9uIjoiMSJ9",
          "dependencies": [
            "aws_vpc.iac_memcached_vpc"
          ]
        }
      ]
    },
    {
      "mode": "managed",
      "type": "aws_vpc",
      "name": "iac_memcached_vpc",
      "provider": "provider.aws",
      "instances": [
        {
          "schema_version": 1,
          "attributes": {
            "arn": "arn:aws:ec2:us-east-1:227389759256:vpc/vpc-09a231fb6813caf23",
            "assign_generated_ipv6_cidr_block": false,
            "cidr_block": "10.1.0.0/16",
            "default_network_acl_id": "acl-0180ba3860505120a",
            "default_route_table_id": "rtb-0c7dbf9c0f1e9cc56",
            "default_security_group_id": "sg-08c8917efccc409d7",
            "dhcp_options_id": "dopt-0f2915db78ea09f86",
            "enable_classiclink": false,
            "enable_classiclink_dns_support": false,
            "enable_dns_hostnames": false,
            "enable_dns_support": true,
            "id": "vpc-09a231fb6813caf23",
            "instance_tenancy": "default",
            "ipv6_association_id": "",
            "ipv6_cidr_block": "",
            "main_route_table_id": "rtb-0c7dbf9c0f1e9cc56",
            "owner_id": "227389759256",
            "tags": {
              "Name": "iac_memcached_vpc"
            }
          },
          "private": "eyJzY2hlbWFfdmVyc2lvbiI6IjEifQ=="
        }
      ]
    }
  ]
}
