{
  "version": 4,
  "terraform_version": "0.12.18",
  "serial": 170,
  "lineage": "1d86042d-1281-3276-6302-64d1979857e0",
  "outputs": {},
  "resources": [
    {
      "mode": "managed",
      "type": "aws_eip",
      "name": "ip",
      "provider": "provider.aws",
      "instances": [
        {
          "schema_version": 0,
          "attributes": {
            "allocation_id": null,
            "associate_with_private_ip": null,
            "association_id": "eipassoc-0980606068c174f78",
            "domain": "vpc",
            "id": "eipalloc-0afb5f5ba607f90bb",
            "instance": "i-0880ab454ba3a31d4",
            "network_interface": "eni-0d4843121aa5e3c8a",
            "private_dns": "ip-10-10-10-10.ec2.internal",
            "private_ip": "10.10.10.10",
            "public_dns": "ec2-52-2-64-229.compute-1.amazonaws.com",
            "public_ip": "52.2.64.229",
            "public_ipv4_pool": "amazon",
            "tags": {
              "Name": "iac_eip"
            },
            "timeouts": null,
            "vpc": true
          },
          "private": "eyJlMmJmYjczMC1lY2FhLTExZTYtOGY4OC0zNDM2M2JjN2M0YzAiOnsiZGVsZXRlIjoxODAwMDAwMDAwMDAsInJlYWQiOjkwMDAwMDAwMDAwMCwidXBkYXRlIjozMDAwMDAwMDAwMDB9fQ==",
          "dependencies": [
            "aws_iam_instance_profile.iac_instance_profile",
            "aws_iam_role.iac-ec2-session-manager-role",
            "aws_instance.iac_ec2_instance",
            "aws_internet_gateway.iac_gw",
            "aws_network_interface.iac_if",
            "aws_subnet.iac_subnet",
            "aws_vpc.iac_vpc"
          ]
        }
      ]
    },
    {
      "mode": "managed",
      "type": "aws_iam_instance_profile",
      "name": "iac_instance_profile",
      "provider": "provider.aws",
      "instances": [
        {
          "schema_version": 0,
          "attributes": {
            "arn": "arn:aws:iam::227389759256:instance-profile/iac_ec2_instance_profile",
            "create_date": "2020-01-16T05:38:31Z",
            "id": "iac_ec2_instance_profile",
            "name": "iac_ec2_instance_profile",
            "name_prefix": null,
            "path": "/",
            "role": "iac_session_manager_role",
            "roles": [],
            "unique_id": "AIPATJ4L4L4MIBDTMXGBQ"
          },
          "private": "bnVsbA==",
          "dependencies": [
            "aws_iam_role.iac-ec2-session-manager-role"
          ]
        }
      ]
    },
    {
      "mode": "managed",
      "type": "aws_iam_role",
      "name": "iac-ec2-session-manager-role",
      "provider": "provider.aws",
      "instances": [
        {
          "schema_version": 0,
          "attributes": {
            "arn": "arn:aws:iam::227389759256:role/iac_session_manager_role",
            "assume_role_policy": "{\"Version\":\"2012-10-17\",\"Statement\":[{\"Sid\":\"\",\"Effect\":\"Allow\",\"Principal\":{\"Service\":\"ec2.amazonaws.com\"},\"Action\":\"sts:AssumeRole\"}]}",
            "create_date": "2020-01-16T05:38:29Z",
            "description": "",
            "force_detach_policies": false,
            "id": "iac_session_manager_role",
            "max_session_duration": 3600,
            "name": "iac_session_manager_role",
            "name_prefix": null,
            "path": "/",
            "permissions_boundary": null,
            "tags": null,
            "unique_id": "AROATJ4L4L4MMT46MFVA7"
          },
          "private": "bnVsbA=="
        }
      ]
    },
    {
      "mode": "managed",
      "type": "aws_iam_role_policy_attachment",
      "name": "iac-session-mnger-AmazonEC2RoleforSSMPolicy",
      "provider": "provider.aws",
      "instances": [
        {
          "schema_version": 0,
          "attributes": {
            "id": "iac_session_manager_role-20200116053831767100000001",
            "policy_arn": "arn:aws:iam::aws:policy/service-role/AmazonEC2RoleforSSM",
            "role": "iac_session_manager_role"
          },
          "private": "bnVsbA==",
          "dependencies": [
            "aws_iam_role.iac-ec2-session-manager-role"
          ]
        }
      ]
    },
    {
      "mode": "managed",
      "type": "aws_instance",
      "name": "iac_ec2_instance",
      "provider": "provider.aws",
      "instances": [
        {
          "schema_version": 1,
          "attributes": {
            "ami": "ami-062f7200baf2fa504",
            "arn": "arn:aws:ec2:us-east-1:227389759256:instance/i-0880ab454ba3a31d4",
            "associate_public_ip_address": false,
            "availability_zone": "us-east-1a",
            "cpu_core_count": 1,
            "cpu_threads_per_core": 1,
            "credit_specification": [],
            "disable_api_termination": false,
            "ebs_block_device": [],
            "ebs_optimized": false,
            "ephemeral_block_device": [],
            "get_password_data": false,
            "host_id": null,
            "iam_instance_profile": "iac_ec2_instance_profile",
            "id": "i-0880ab454ba3a31d4",
            "instance_initiated_shutdown_behavior": null,
            "instance_state": "running",
            "instance_type": "t1.micro",
            "ipv6_address_count": 0,
            "ipv6_addresses": [],
            "key_name": "",
            "monitoring": false,
            "network_interface": [
              {
                "delete_on_termination": false,
                "device_index": 0,
                "network_interface_id": "eni-0d4843121aa5e3c8a"
              }
            ],
            "network_interface_id": null,
            "password_data": "",
            "placement_group": "",
            "primary_network_interface_id": "eni-0d4843121aa5e3c8a",
            "private_dns": "ip-10-10-10-10.ec2.internal",
            "private_ip": "10.10.10.10",
            "public_dns": "",
            "public_ip": "",
            "root_block_device": [
              {
                "delete_on_termination": true,
                "encrypted": false,
                "iops": 100,
                "kms_key_id": "",
                "volume_id": "vol-0093e9d77f40627ac",
                "volume_size": 8,
                "volume_type": "gp2"
              }
            ],
            "security_groups": [],
            "source_dest_check": true,
            "subnet_id": "subnet-04dcc4dbb1a97fee1",
            "tags": {
              "Name": "iac_ec2_instance"
            },
            "tenancy": "default",
            "timeouts": null,
            "user_data": null,
            "user_data_base64": null,
            "volume_tags": {},
            "vpc_security_group_ids": [
              "sg-08a388237b44983a4"
            ]
          },
          "private": "eyJlMmJmYjczMC1lY2FhLTExZTYtOGY4OC0zNDM2M2JjN2M0YzAiOnsiY3JlYXRlIjo2MDAwMDAwMDAwMDAsImRlbGV0ZSI6MTIwMDAwMDAwMDAwMCwidXBkYXRlIjo2MDAwMDAwMDAwMDB9LCJzY2hlbWFfdmVyc2lvbiI6IjEifQ==",
          "dependencies": [
            "aws_iam_instance_profile.iac_instance_profile",
            "aws_iam_role.iac-ec2-session-manager-role",
            "aws_internet_gateway.iac_gw",
            "aws_network_interface.iac_if",
            "aws_subnet.iac_subnet",
            "aws_vpc.iac_vpc"
          ]
        }
      ]
    },
    {
      "mode": "managed",
      "type": "aws_internet_gateway",
      "name": "iac_gw",
      "provider": "provider.aws",
      "instances": [
        {
          "schema_version": 0,
          "attributes": {
            "id": "igw-0cf0d1063b24fe8e2",
            "owner_id": "227389759256",
            "tags": {
              "Name": "iac_gw"
            },
            "vpc_id": "vpc-052e470f2693b1b40"
          },
          "private": "bnVsbA==",
          "dependencies": [
            "aws_vpc.iac_vpc"
          ]
        }
      ]
    },
    {
      "mode": "managed",
      "type": "aws_network_interface",
      "name": "iac_if",
      "provider": "provider.aws",
      "instances": [
        {
          "schema_version": 0,
          "attributes": {
            "attachment": [],
            "description": "",
            "id": "eni-0d4843121aa5e3c8a",
            "private_dns_name": "ip-10-10-10-10.ec2.internal",
            "private_ip": "10.10.10.10",
            "private_ips": [
              "10.10.10.10"
            ],
            "private_ips_count": 0,
            "security_groups": [
              "sg-08a388237b44983a4"
            ],
            "source_dest_check": true,
            "subnet_id": "subnet-04dcc4dbb1a97fee1",
            "tags": {
              "Name": "iac_if"
            }
          },
          "private": "bnVsbA==",
          "dependencies": [
            "aws_subnet.iac_subnet",
            "aws_vpc.iac_vpc"
          ]
        }
      ]
    },
    {
      "mode": "managed",
      "type": "aws_route_table",
      "name": "iac_rtable",
      "provider": "provider.aws",
      "instances": [
        {
          "schema_version": 0,
          "attributes": {
            "id": "rtb-0caeef61643246ea3",
            "owner_id": "227389759256",
            "propagating_vgws": [],
            "route": [
              {
                "cidr_block": "0.0.0.0/0",
                "egress_only_gateway_id": "",
                "gateway_id": "igw-0cf0d1063b24fe8e2",
                "instance_id": "",
                "ipv6_cidr_block": "",
                "nat_gateway_id": "",
                "network_interface_id": "",
                "transit_gateway_id": "",
                "vpc_peering_connection_id": ""
              }
            ],
            "tags": null,
            "vpc_id": "vpc-052e470f2693b1b40"
          },
          "private": "bnVsbA==",
          "dependencies": [
            "aws_internet_gateway.iac_gw",
            "aws_vpc.iac_vpc"
          ]
        }
      ]
    },
    {
      "mode": "managed",
      "type": "aws_route_table_association",
      "name": "iac_rt_association",
      "provider": "provider.aws",
      "instances": [
        {
          "schema_version": 0,
          "attributes": {
            "gateway_id": null,
            "id": "rtbassoc-00b02bb02217374ab",
            "route_table_id": "rtb-0caeef61643246ea3",
            "subnet_id": "subnet-04dcc4dbb1a97fee1"
          },
          "private": "bnVsbA==",
          "dependencies": [
            "aws_internet_gateway.iac_gw",
            "aws_route_table.iac_rtable",
            "aws_subnet.iac_subnet",
            "aws_vpc.iac_vpc"
          ]
        }
      ]
    },
    {
      "mode": "managed",
      "type": "aws_subnet",
      "name": "iac_subnet",
      "provider": "provider.aws",
      "instances": [
        {
          "schema_version": 1,
          "attributes": {
            "arn": "arn:aws:ec2:us-east-1:227389759256:subnet/subnet-04dcc4dbb1a97fee1",
            "assign_ipv6_address_on_creation": false,
            "availability_zone": "us-east-1a",
            "availability_zone_id": "use1-az2",
            "cidr_block": "10.10.10.0/24",
            "id": "subnet-04dcc4dbb1a97fee1",
            "ipv6_cidr_block": "",
            "ipv6_cidr_block_association_id": "",
            "map_public_ip_on_launch": false,
            "owner_id": "227389759256",
            "tags": {
              "Name": "iac_subnet"
            },
            "timeouts": null,
            "vpc_id": "vpc-052e470f2693b1b40"
          },
          "private": "eyJlMmJmYjczMC1lY2FhLTExZTYtOGY4OC0zNDM2M2JjN2M0YzAiOnsiY3JlYXRlIjo2MDAwMDAwMDAwMDAsImRlbGV0ZSI6MTIwMDAwMDAwMDAwMH0sInNjaGVtYV92ZXJzaW9uIjoiMSJ9",
          "dependencies": [
            "aws_vpc.iac_vpc"
          ]
        }
      ]
    },
    {
      "mode": "managed",
      "type": "aws_vpc",
      "name": "iac_vpc",
      "provider": "provider.aws",
      "instances": [
        {
          "schema_version": 1,
          "attributes": {
            "arn": "arn:aws:ec2:us-east-1:227389759256:vpc/vpc-052e470f2693b1b40",
            "assign_generated_ipv6_cidr_block": false,
            "cidr_block": "10.10.0.0/16",
            "default_network_acl_id": "acl-03fe41202f31e5b84",
            "default_route_table_id": "rtb-018051560b1d7aeca",
            "default_security_group_id": "sg-08a388237b44983a4",
            "dhcp_options_id": "dopt-0f2915db78ea09f86",
            "enable_classiclink": false,
            "enable_classiclink_dns_support": false,
            "enable_dns_hostnames": true,
            "enable_dns_support": true,
            "id": "vpc-052e470f2693b1b40",
            "instance_tenancy": "default",
            "ipv6_association_id": "",
            "ipv6_cidr_block": "",
            "main_route_table_id": "rtb-018051560b1d7aeca",
            "owner_id": "227389759256",
            "tags": {
              "Name": "iac_vpc"
            }
          },
          "private": "eyJzY2hlbWFfdmVyc2lvbiI6IjEifQ=="
        }
      ]
    }
  ]
}
