{
  "version": 4,
  "terraform_version": "0.12.18",
  "serial": 7,
  "lineage": "d1b18073-831a-8e3a-5c96-a0e96f021994",
  "outputs": {},
  "resources": [
    {
      "mode": "managed",
      "type": "aws_elasticache_replication_group",
      "name": "iac_redis_cluster_enabled",
      "provider": "provider.aws",
      "instances": [
        {
          "schema_version": 1,
          "attributes": {
            "apply_immediately": null,
            "at_rest_encryption_enabled": false,
            "auth_token": "",
            "auto_minor_version_upgrade": true,
            "automatic_failover_enabled": true,
            "availability_zones": null,
            "cluster_mode": [
              {
                "num_node_groups": 2,
                "replicas_per_node_group": 2
              }
            ],
            "configuration_endpoint_address": "iac-redis-cluster-enabled.zw0jkj.clustercfg.use1.cache.amazonaws.com",
            "engine": "redis",
            "engine_version": "5.0.5",
            "id": "iac-redis-cluster-enabled",
            "kms_key_id": "",
            "maintenance_window": "tue:03:00-tue:04:00",
            "member_clusters": [
              "iac-redis-cluster-enabled-0001-001",
              "iac-redis-cluster-enabled-0001-002",
              "iac-redis-cluster-enabled-0001-003"
            ],
            "node_type": "cache.t2.micro",
            "notification_topic_arn": null,
            "number_cache_clusters": 6,
            "parameter_group_name": "default.redis5.0.cluster.on",
            "port": 6379,
            "primary_endpoint_address": null,
            "replication_group_description": "redis cluster enabled mode",
            "replication_group_id": "iac-redis-cluster-enabled",
            "security_group_ids": [],
            "security_group_names": [],
            "snapshot_arns": null,
            "snapshot_name": null,
            "snapshot_retention_limit": 0,
            "snapshot_window": "04:30-05:30",
            "subnet_group_name": "iac-redis-cluster-enabled-subnet-group",
            "tags": null,
            "timeouts": null,
            "transit_encryption_enabled": false
          },
          "private": "eyJlMmJmYjczMC1lY2FhLTExZTYtOGY4OC0zNDM2M2JjN2M0YzAiOnsiY3JlYXRlIjozNjAwMDAwMDAwMDAwLCJkZWxldGUiOjI0MDAwMDAwMDAwMDAsInVwZGF0ZSI6MjQwMDAwMDAwMDAwMH0sInNjaGVtYV92ZXJzaW9uIjoiMSJ9",
          "dependencies": [
            "aws_elasticache_subnet_group.iac_redis_cluster_enabled_subnet_group"
          ]
        }
      ]
    },
    {
      "mode": "managed",
      "type": "aws_elasticache_subnet_group",
      "name": "iac_redis_cluster_enabled_subnet_group",
      "provider": "provider.aws",
      "instances": [
        {
          "schema_version": 0,
          "attributes": {
            "description": "Managed by Terraform",
            "id": "iac-redis-cluster-enabled-subnet-group",
            "name": "iac-redis-cluster-enabled-subnet-group",
            "subnet_ids": [
              "subnet-05f9ba714f5232ba9"
            ]
          },
          "private": "bnVsbA==",
          "dependencies": [
            "aws_subnet.iac_redis_cluster_enabled_subnet",
            "aws_vpc.iac_redis_cluster_enabled_vpc"
          ]
        }
      ]
    },
    {
      "mode": "managed",
      "type": "aws_subnet",
      "name": "iac_redis_cluster_enabled_subnet",
      "provider": "provider.aws",
      "instances": [
        {
          "schema_version": 1,
          "attributes": {
            "arn": "arn:aws:ec2:us-east-1:227389759256:subnet/subnet-05f9ba714f5232ba9",
            "assign_ipv6_address_on_creation": false,
            "availability_zone": "us-east-1a",
            "availability_zone_id": "use1-az2",
            "cidr_block": "10.10.1.0/24",
            "id": "subnet-05f9ba714f5232ba9",
            "ipv6_cidr_block": "",
            "ipv6_cidr_block_association_id": "",
            "map_public_ip_on_launch": false,
            "owner_id": "227389759256",
            "tags": {
              "Name": "iac_redis_cluster_enabled_subnet"
            },
            "timeouts": null,
            "vpc_id": "vpc-0edef8530b7bd315c"
          },
          "private": "eyJlMmJmYjczMC1lY2FhLTExZTYtOGY4OC0zNDM2M2JjN2M0YzAiOnsiY3JlYXRlIjo2MDAwMDAwMDAwMDAsImRlbGV0ZSI6MTIwMDAwMDAwMDAwMH0sInNjaGVtYV92ZXJzaW9uIjoiMSJ9",
          "dependencies": [
            "aws_vpc.iac_redis_cluster_enabled_vpc"
          ]
        }
      ]
    },
    {
      "mode": "managed",
      "type": "aws_vpc",
      "name": "iac_redis_cluster_enabled_vpc",
      "provider": "provider.aws",
      "instances": [
        {
          "schema_version": 1,
          "attributes": {
            "arn": "arn:aws:ec2:us-east-1:227389759256:vpc/vpc-0edef8530b7bd315c",
            "assign_generated_ipv6_cidr_block": false,
            "cidr_block": "10.10.0.0/16",
            "default_network_acl_id": "acl-0301b1edbaddb8960",
            "default_route_table_id": "rtb-0d607105c070ceeae",
            "default_security_group_id": "sg-065f51562fa80d574",
            "dhcp_options_id": "dopt-0f2915db78ea09f86",
            "enable_classiclink": false,
            "enable_classiclink_dns_support": false,
            "enable_dns_hostnames": false,
            "enable_dns_support": true,
            "id": "vpc-0edef8530b7bd315c",
            "instance_tenancy": "default",
            "ipv6_association_id": "",
            "ipv6_cidr_block": "",
            "main_route_table_id": "rtb-0d607105c070ceeae",
            "owner_id": "227389759256",
            "tags": {
              "Name": "iac_redis_cluster_enabled_vpc"
            }
          },
          "private": "eyJzY2hlbWFfdmVyc2lvbiI6IjEifQ=="
        }
      ]
    }
  ]
}
