{
  "version": 4,
  "terraform_version": "0.12.20",
  "serial": 66,
  "lineage": "babe599c-db5e-ec01-e827-48b3e7a41f01",
  "outputs": {},
  "resources": [
    {
      "mode": "managed",
      "type": "aws_ecr_lifecycle_policy",
      "name": "iac_ecr_repositories_lifecycle_policy",
      "each": "list",
      "provider": "provider.aws",
      "instances": []
    },
    {
      "mode": "managed",
      "type": "aws_ecr_repository",
      "name": "iac-ecr-repositories",
      "each": "list",
      "provider": "provider.aws",
      "instances": []
    },
    {
      "mode": "managed",
      "type": "aws_s3_bucket",
      "name": "iac_s3_bucket",
      "each": "map",
      "provider": "provider.aws",
      "instances": [
        {
          "index_key": "iac-aws-setting",
          "schema_version": 0,
          "attributes": {
            "acceleration_status": "",
            "acl": "private",
            "arn": "arn:aws:s3:::iac-aws-setting",
            "bucket": "iac-aws-setting",
            "bucket_domain_name": "iac-aws-setting.s3.amazonaws.com",
            "bucket_prefix": null,
            "bucket_regional_domain_name": "iac-aws-setting.s3.amazonaws.com",
            "cors_rule": [],
            "force_destroy": false,
            "hosted_zone_id": "Z3AQBSTGFYJSTF",
            "id": "iac-aws-setting",
            "lifecycle_rule": [],
            "logging": [],
            "object_lock_configuration": [],
            "policy": null,
            "region": "us-east-1",
            "replication_configuration": [],
            "request_payer": "BucketOwner",
            "server_side_encryption_configuration": [],
            "tags": {},
            "versioning": [
              {
                "enabled": false,
                "mfa_delete": false
              }
            ],
            "website": [],
            "website_domain": null,
            "website_endpoint": null
          }
        },
        {
          "index_key": "iac-docker-images",
          "schema_version": 0,
          "attributes": {
            "acceleration_status": "",
            "acl": "private",
            "arn": "arn:aws:s3:::iac-docker-images",
            "bucket": "iac-docker-images",
            "bucket_domain_name": "iac-docker-images.s3.amazonaws.com",
            "bucket_prefix": null,
            "bucket_regional_domain_name": "iac-docker-images.s3.amazonaws.com",
            "cors_rule": [],
            "force_destroy": false,
            "hosted_zone_id": "Z3AQBSTGFYJSTF",
            "id": "iac-docker-images",
            "lifecycle_rule": [],
            "logging": [],
            "object_lock_configuration": [],
            "policy": null,
            "region": "us-east-1",
            "replication_configuration": [],
            "request_payer": "BucketOwner",
            "server_side_encryption_configuration": [],
            "tags": {},
            "versioning": [
              {
                "enabled": false,
                "mfa_delete": false
              }
            ],
            "website": [],
            "website_domain": null,
            "website_endpoint": null
          }
        },
        {
          "index_key": "iac-k8s",
          "schema_version": 0,
          "attributes": {
            "acceleration_status": "",
            "acl": "private",
            "arn": "arn:aws:s3:::iac-k8s",
            "bucket": "iac-k8s",
            "bucket_domain_name": "iac-k8s.s3.amazonaws.com",
            "bucket_prefix": null,
            "bucket_regional_domain_name": "iac-k8s.s3.amazonaws.com",
            "cors_rule": [],
            "force_destroy": false,
            "hosted_zone_id": "Z3AQBSTGFYJSTF",
            "id": "iac-k8s",
            "lifecycle_rule": [],
            "logging": [],
            "object_lock_configuration": [],
            "policy": null,
            "region": "us-east-1",
            "replication_configuration": [],
            "request_payer": "BucketOwner",
            "server_side_encryption_configuration": [],
            "tags": {},
            "versioning": [
              {
                "enabled": false,
                "mfa_delete": false
              }
            ],
            "website": [],
            "website_domain": null,
            "website_endpoint": null
          }
        }
      ]
    },
    {
      "mode": "managed",
      "type": "aws_s3_bucket_public_access_block",
      "name": "iac_s3_access",
      "each": "map",
      "provider": "provider.aws",
      "instances": []
    }
  ]
}
