{
  "version": 4,
  "terraform_version": "0.12.18",
  "serial": 36,
  "lineage": "fea58822-7e6c-6d64-b4c2-bc4ef877f7a6",
  "outputs": {},
  "resources": [
    {
      "mode": "managed",
      "type": "aws_eip",
      "name": "ip",
      "provider": "provider.aws",
      "instances": [
        {
          "schema_version": 0,
          "attributes": {
            "allocation_id": null,
            "associate_with_private_ip": null,
            "association_id": "eipassoc-04cdde1872fcc0c18",
            "domain": "vpc",
            "id": "eipalloc-0e5a22fd551259ad0",
            "instance": "i-0e6cd660f788169f3",
            "network_interface": "eni-0cf0ac11cc13addd5",
            "private_dns": "ip-10-10-10-10.ec2.internal",
            "private_ip": "10.10.10.10",
            "public_dns": "ec2-52-205-192-155.compute-1.amazonaws.com",
            "public_ip": "52.205.192.155",
            "public_ipv4_pool": "amazon",
            "tags": {
              "Name": "iac_eip"
            },
            "timeouts": null,
            "vpc": true
          },
          "private": "eyJlMmJmYjczMC1lY2FhLTExZTYtOGY4OC0zNDM2M2JjN2M0YzAiOnsiZGVsZXRlIjoxODAwMDAwMDAwMDAsInJlYWQiOjkwMDAwMDAwMDAwMCwidXBkYXRlIjozMDAwMDAwMDAwMDB9fQ==",
          "dependencies": [
            "aws_instance.example",
            "aws_internet_gateway.iac_gw",
            "aws_network_interface.iac_if",
            "aws_subnet.iac_subnet",
            "aws_vpc.iac_vpc"
          ]
        }
      ]
    },
    {
      "mode": "managed",
      "type": "aws_instance",
      "name": "example",
      "provider": "provider.aws",
      "instances": [
        {
          "schema_version": 1,
          "attributes": {
            "ami": "ami-408c7f28",
            "arn": "arn:aws:ec2:us-east-1:227389759256:instance/i-0e6cd660f788169f3",
            "associate_public_ip_address": false,
            "availability_zone": "us-east-1a",
            "cpu_core_count": 1,
            "cpu_threads_per_core": 1,
            "credit_specification": [],
            "disable_api_termination": false,
            "ebs_block_device": [],
            "ebs_optimized": false,
            "ephemeral_block_device": [],
            "get_password_data": false,
            "host_id": null,
            "iam_instance_profile": "",
            "id": "i-0e6cd660f788169f3",
            "instance_initiated_shutdown_behavior": null,
            "instance_state": "running",
            "instance_type": "t1.micro",
            "ipv6_address_count": 0,
            "ipv6_addresses": [],
            "key_name": "",
            "monitoring": false,
            "network_interface": [
              {
                "delete_on_termination": false,
                "device_index": 0,
                "network_interface_id": "eni-0cf0ac11cc13addd5"
              }
            ],
            "network_interface_id": null,
            "password_data": "",
            "placement_group": "",
            "primary_network_interface_id": "eni-0cf0ac11cc13addd5",
            "private_dns": "ip-10-10-10-10.ec2.internal",
            "private_ip": "10.10.10.10",
            "public_dns": "",
            "public_ip": "",
            "root_block_device": [
              {
                "delete_on_termination": true,
                "encrypted": false,
                "iops": 0,
                "kms_key_id": "",
                "volume_id": "vol-0963dda0764dcd3d5",
                "volume_size": 8,
                "volume_type": "standard"
              }
            ],
            "security_groups": [],
            "source_dest_check": true,
            "subnet_id": "subnet-0d67a92332031e377",
            "tags": {
              "Name": "iac_ec2_instance"
            },
            "tenancy": "default",
            "timeouts": null,
            "user_data": null,
            "user_data_base64": null,
            "volume_tags": {},
            "vpc_security_group_ids": [
              "sg-05e92ed865ce04713"
            ]
          },
          "private": "eyJlMmJmYjczMC1lY2FhLTExZTYtOGY4OC0zNDM2M2JjN2M0YzAiOnsiY3JlYXRlIjo2MDAwMDAwMDAwMDAsImRlbGV0ZSI6MTIwMDAwMDAwMDAwMCwidXBkYXRlIjo2MDAwMDAwMDAwMDB9LCJzY2hlbWFfdmVyc2lvbiI6IjEifQ==",
          "dependencies": [
            "aws_internet_gateway.iac_gw",
            "aws_network_interface.iac_if",
            "aws_subnet.iac_subnet",
            "aws_vpc.iac_vpc"
          ]
        }
      ]
    },
    {
      "mode": "managed",
      "type": "aws_internet_gateway",
      "name": "iac_gw",
      "provider": "provider.aws",
      "instances": [
        {
          "schema_version": 0,
          "attributes": {
            "id": "igw-024cf7556fd6824fa",
            "owner_id": "227389759256",
            "tags": {
              "Name": "iac_gw"
            },
            "vpc_id": "vpc-0c2a84e903a404e33"
          },
          "private": "bnVsbA==",
          "dependencies": [
            "aws_vpc.iac_vpc"
          ]
        }
      ]
    },
    {
      "mode": "managed",
      "type": "aws_network_interface",
      "name": "iac_if",
      "provider": "provider.aws",
      "instances": [
        {
          "schema_version": 0,
          "attributes": {
            "attachment": [],
            "description": "",
            "id": "eni-0cf0ac11cc13addd5",
            "private_dns_name": "",
            "private_ip": "10.10.10.10",
            "private_ips": [
              "10.10.10.10"
            ],
            "private_ips_count": 0,
            "security_groups": [
              "sg-05e92ed865ce04713"
            ],
            "source_dest_check": true,
            "subnet_id": "subnet-0d67a92332031e377",
            "tags": {
              "Name": "iac_if"
            }
          },
          "private": "bnVsbA==",
          "dependencies": [
            "aws_subnet.iac_subnet",
            "aws_vpc.iac_vpc"
          ]
        }
      ]
    },
    {
      "mode": "managed",
      "type": "aws_subnet",
      "name": "iac_subnet",
      "provider": "provider.aws",
      "instances": [
        {
          "schema_version": 1,
          "attributes": {
            "arn": "arn:aws:ec2:us-east-1:227389759256:subnet/subnet-0d67a92332031e377",
            "assign_ipv6_address_on_creation": false,
            "availability_zone": "us-east-1a",
            "availability_zone_id": "use1-az2",
            "cidr_block": "10.10.10.0/24",
            "id": "subnet-0d67a92332031e377",
            "ipv6_cidr_block": "",
            "ipv6_cidr_block_association_id": "",
            "map_public_ip_on_launch": false,
            "owner_id": "227389759256",
            "tags": {
              "Name": "iac_subnet"
            },
            "timeouts": null,
            "vpc_id": "vpc-0c2a84e903a404e33"
          },
          "private": "eyJlMmJmYjczMC1lY2FhLTExZTYtOGY4OC0zNDM2M2JjN2M0YzAiOnsiY3JlYXRlIjo2MDAwMDAwMDAwMDAsImRlbGV0ZSI6MTIwMDAwMDAwMDAwMH0sInNjaGVtYV92ZXJzaW9uIjoiMSJ9",
          "dependencies": [
            "aws_vpc.iac_vpc"
          ]
        }
      ]
    },
    {
      "mode": "managed",
      "type": "aws_vpc",
      "name": "iac_vpc",
      "provider": "provider.aws",
      "instances": [
        {
          "schema_version": 1,
          "attributes": {
            "arn": "arn:aws:ec2:us-east-1:227389759256:vpc/vpc-0c2a84e903a404e33",
            "assign_generated_ipv6_cidr_block": false,
            "cidr_block": "10.10.0.0/16",
            "default_network_acl_id": "acl-05eea48ec133cbcf8",
            "default_route_table_id": "rtb-0dbbb03d3fb1d958b",
            "default_security_group_id": "sg-05e92ed865ce04713",
            "dhcp_options_id": "dopt-0f2915db78ea09f86",
            "enable_classiclink": false,
            "enable_classiclink_dns_support": false,
            "enable_dns_hostnames": false,
            "enable_dns_support": true,
            "id": "vpc-0c2a84e903a404e33",
            "instance_tenancy": "default",
            "ipv6_association_id": "",
            "ipv6_cidr_block": "",
            "main_route_table_id": "rtb-0dbbb03d3fb1d958b",
            "owner_id": "227389759256",
            "tags": {
              "Name": "iac_vpc"
            }
          },
          "private": "eyJzY2hlbWFfdmVyc2lvbiI6IjEifQ=="
        }
      ]
    }
  ]
}
