{
  "version": 4,
  "terraform_version": "0.12.18",
  "serial": 6,
  "lineage": "e4965e74-57f5-8c89-964d-4381800dd515",
  "outputs": {},
  "resources": [
    {
      "mode": "managed",
      "type": "aws_iam_policy",
      "name": "iac_attachment_policy",
      "provider": "provider.aws",
      "instances": [
        {
          "schema_version": 0,
          "attributes": {
            "arn": "arn:aws:iam::227389759256:policy/iac-attachment-test-policy",
            "description": "A test policy",
            "id": "arn:aws:iam::227389759256:policy/iac-attachment-test-policy",
            "name": "iac-attachment-test-policy",
            "name_prefix": null,
            "path": "/",
            "policy": "{\n  \"Version\": \"2012-10-17\",\n  \"Statement\": [\n    {\n      \"Action\": [\n        \"ec2:Describe*\"\n      ],\n      \"Effect\": \"Allow\",\n      \"Resource\": \"*\"\n    }\n  ]\n}\n"
          },
          "private": "bnVsbA=="
        }
      ]
    },
    {
      "mode": "managed",
      "type": "aws_iam_role",
      "name": "iac_policy_role",
      "provider": "provider.aws",
      "instances": [
        {
          "schema_version": 0,
          "attributes": {
            "arn": "arn:aws:iam::227389759256:role/iac-policy-test-role",
            "assume_role_policy": "{\"Version\":\"2012-10-17\",\"Statement\":[{\"Sid\":\"\",\"Effect\":\"Allow\",\"Principal\":{\"Service\":\"ec2.amazonaws.com\"},\"Action\":\"sts:AssumeRole\"}]}",
            "create_date": "2019-12-20T03:10:47Z",
            "description": "",
            "force_detach_policies": false,
            "id": "iac-policy-test-role",
            "max_session_duration": 3600,
            "name": "iac-policy-test-role",
            "name_prefix": null,
            "path": "/",
            "permissions_boundary": null,
            "tags": null,
            "unique_id": "AROATJ4L4L4MD77XJCOYC"
          },
          "private": "bnVsbA=="
        }
      ]
    },
    {
      "mode": "managed",
      "type": "aws_iam_role_policy_attachment",
      "name": "iac-policy-test-attach",
      "provider": "provider.aws",
      "instances": [
        {
          "schema_version": 0,
          "attributes": {
            "id": "iac-policy-test-role-20191220031049304900000001",
            "policy_arn": "arn:aws:iam::227389759256:policy/iac-attachment-test-policy",
            "role": "iac-policy-test-role"
          },
          "private": "bnVsbA==",
          "dependencies": [
            "aws_iam_policy.iac_attachment_policy",
            "aws_iam_role.iac_policy_role"
          ]
        }
      ]
    }
  ]
}
