{
  "version": 4,
  "terraform_version": "0.12.18",
  "serial": 112,
  "lineage": "69badc6e-6b72-1f51-1f8f-bd159e96b51e",
  "outputs": {
    "endpoint": {
      "value": "https://7963379F3240A739144896B53B4B29BE.gr7.us-east-1.eks.amazonaws.com",
      "type": "string"
    },
    "kubeconfig-certificate-authority-data": {
      "value": "LS0tLS1CRUdJTiBDRVJUSUZJQ0FURS0tLS0tCk1JSUN5RENDQWJDZ0F3SUJBZ0lCQURBTkJna3Foa2lHOXcwQkFRc0ZBREFWTVJNd0VRWURWUVFERXdwcmRXSmwKY201bGRHVnpNQjRYRFRFNU1USXlOREF4TkRjME9Wb1hEVEk1TVRJeU1UQXhORGMwT1Zvd0ZURVRNQkVHQTFVRQpBeE1LYTNWaVpYSnVaWFJsY3pDQ0FTSXdEUVlKS29aSWh2Y05BUUVCQlFBRGdnRVBBRENDQVFvQ2dnRUJBT2g3CkpRQ21aTzlCWHpoc0tBZ1NOKzd1YWdlUTZPY0ZGSTlVV2IweC9LbnlzZjVEWjJYL0h3SHA2SE9GVmxnNVp6WDcKd3ZSSHhGTWdYRHVpd2RWKzIyNTdDZGlqeHFSRzF4UmtLTGNyWkJvZ3g0MmM1RS9wZ09td2J2QUZBY0ZJYjRnTgpNaXBKa2t0eTJvRkRaYnRqMHpEZzMya2VtMytKbWhyT2ViSDNEU2psQWtmVEJMNWZDeDN6R0dQUHZqT0p3MVNwCmJRNXpOVXYvYVg1UXlFL3VYOWo4clJXeEprVWl4enNlaE4vZkltZlNYUFp4TE5qZW43RkNPTU9xUm5EeVc5TWQKZWhMWGh2UEdsSll1NHBWN016TE9KNVlQQnlRY0FDTDM3QWxFYUtubmlqVzUza3E5VldGRFhPWDBKWkpnK1UrawpQeHFmbkhza1hMbWNHU1pHUTNrQ0F3RUFBYU1qTUNFd0RnWURWUjBQQVFIL0JBUURBZ0trTUE4R0ExVWRFd0VCCi93UUZNQU1CQWY4d0RRWUpLb1pJaHZjTkFRRUxCUUFEZ2dFQkFMUERSQVNnQk1sT3hjaTRjTnZNOG5lNyt2K1YKU3hwUjE3Qmc0OGU5TUZTK2tkb1RhTnVseDBURlVMai9jZTlkVGwyNGJwNEFOYlk4TUxuNjEyMjQwOTcrbE5FMQpydHdST0ZBdkVyVHFKSW8xU0lHclNBaWQzTjNSU0ZNNTdXVWtaSzVIS2xJazExdlozMHY1ZWxGR010aU9wNlkwCjA3YnFIeXhjb2MxVjNzZVZnTHl6aFZjejNsM1VSMjRsdHk3VGl2MzFMalhGbGhWM3I2NVdOMGtFNVYvNStqSHoKeXR5bVRTUjA5RUNodVVMOGRiaFJDYmZFNmRCK05zcGx3a3hpV2tCb0V1NkFpdXIwUmZaZU9HdTRlOVdDbFBsbQpINnQ5cDlaY3lYNmtDM09UcEFlKzdtZ1UwSTl6MnBTWWR5cXJiV1VqdW1PdlZhdzZJb2Q5Qlc0UHFqQT0KLS0tLS1FTkQgQ0VSVElGSUNBVEUtLS0tLQo=",
      "type": "string"
    }
  },
  "resources": [
    {
      "mode": "data",
      "type": "aws_availability_zones",
      "name": "iac_eks_cluster_zones",
      "provider": "provider.aws",
      "instances": [
        {
          "schema_version": 0,
          "attributes": {
            "blacklisted_names": null,
            "blacklisted_zone_ids": null,
            "id": "2019-12-24 01:22:40.249385751 +0000 UTC",
            "names": [
              "us-east-1a",
              "us-east-1b",
              "us-east-1c",
              "us-east-1d",
              "us-east-1e",
              "us-east-1f"
            ],
            "state": "available",
            "zone_ids": [
              "use1-az2",
              "use1-az4",
              "use1-az6",
              "use1-az1",
              "use1-az3",
              "use1-az5"
            ]
          }
        }
      ]
    },
    {
      "mode": "managed",
      "type": "aws_eks_cluster",
      "name": "iac_eks_cluster",
      "provider": "provider.aws",
      "instances": [
        {
          "schema_version": 0,
          "attributes": {
            "arn": "arn:aws:eks:us-east-1:227389759256:cluster/iac_eks_cluster",
            "certificate_authority": [
              {
                "data": "LS0tLS1CRUdJTiBDRVJUSUZJQ0FURS0tLS0tCk1JSUN5RENDQWJDZ0F3SUJBZ0lCQURBTkJna3Foa2lHOXcwQkFRc0ZBREFWTVJNd0VRWURWUVFERXdwcmRXSmwKY201bGRHVnpNQjRYRFRFNU1USXlOREF4TkRjME9Wb1hEVEk1TVRJeU1UQXhORGMwT1Zvd0ZURVRNQkVHQTFVRQpBeE1LYTNWaVpYSnVaWFJsY3pDQ0FTSXdEUVlKS29aSWh2Y05BUUVCQlFBRGdnRVBBRENDQVFvQ2dnRUJBT2g3CkpRQ21aTzlCWHpoc0tBZ1NOKzd1YWdlUTZPY0ZGSTlVV2IweC9LbnlzZjVEWjJYL0h3SHA2SE9GVmxnNVp6WDcKd3ZSSHhGTWdYRHVpd2RWKzIyNTdDZGlqeHFSRzF4UmtLTGNyWkJvZ3g0MmM1RS9wZ09td2J2QUZBY0ZJYjRnTgpNaXBKa2t0eTJvRkRaYnRqMHpEZzMya2VtMytKbWhyT2ViSDNEU2psQWtmVEJMNWZDeDN6R0dQUHZqT0p3MVNwCmJRNXpOVXYvYVg1UXlFL3VYOWo4clJXeEprVWl4enNlaE4vZkltZlNYUFp4TE5qZW43RkNPTU9xUm5EeVc5TWQKZWhMWGh2UEdsSll1NHBWN016TE9KNVlQQnlRY0FDTDM3QWxFYUtubmlqVzUza3E5VldGRFhPWDBKWkpnK1UrawpQeHFmbkhza1hMbWNHU1pHUTNrQ0F3RUFBYU1qTUNFd0RnWURWUjBQQVFIL0JBUURBZ0trTUE4R0ExVWRFd0VCCi93UUZNQU1CQWY4d0RRWUpLb1pJaHZjTkFRRUxCUUFEZ2dFQkFMUERSQVNnQk1sT3hjaTRjTnZNOG5lNyt2K1YKU3hwUjE3Qmc0OGU5TUZTK2tkb1RhTnVseDBURlVMai9jZTlkVGwyNGJwNEFOYlk4TUxuNjEyMjQwOTcrbE5FMQpydHdST0ZBdkVyVHFKSW8xU0lHclNBaWQzTjNSU0ZNNTdXVWtaSzVIS2xJazExdlozMHY1ZWxGR010aU9wNlkwCjA3YnFIeXhjb2MxVjNzZVZnTHl6aFZjejNsM1VSMjRsdHk3VGl2MzFMalhGbGhWM3I2NVdOMGtFNVYvNStqSHoKeXR5bVRTUjA5RUNodVVMOGRiaFJDYmZFNmRCK05zcGx3a3hpV2tCb0V1NkFpdXIwUmZaZU9HdTRlOVdDbFBsbQpINnQ5cDlaY3lYNmtDM09UcEFlKzdtZ1UwSTl6MnBTWWR5cXJiV1VqdW1PdlZhdzZJb2Q5Qlc0UHFqQT0KLS0tLS1FTkQgQ0VSVElGSUNBVEUtLS0tLQo="
              }
            ],
            "created_at": "2019-12-24 01:39:57 +0000 UTC",
            "enabled_cluster_log_types": null,
            "endpoint": "https://7963379F3240A739144896B53B4B29BE.gr7.us-east-1.eks.amazonaws.com",
            "id": "iac_eks_cluster",
            "identity": [
              {
                "oidc": [
                  {
                    "issuer": "https://oidc.eks.us-east-1.amazonaws.com/id/7963379F3240A739144896B53B4B29BE"
                  }
                ]
              }
            ],
            "name": "iac_eks_cluster",
            "platform_version": "eks.6",
            "role_arn": "arn:aws:iam::227389759256:role/iac_eks_role",
            "status": "ACTIVE",
            "tags": null,
            "timeouts": null,
            "version": "1.14",
            "vpc_config": [
              {
                "cluster_security_group_id": "sg-011842a7572b40592",
                "endpoint_private_access": false,
                "endpoint_public_access": true,
                "security_group_ids": null,
                "subnet_ids": [
                  "subnet-0bbf1ca88381a49e1",
                  "subnet-0fc005556589f1c0e"
                ],
                "vpc_id": "vpc-0998deff5ae00c677"
              }
            ]
          },
          "private": "eyJlMmJmYjczMC1lY2FhLTExZTYtOGY4OC0zNDM2M2JjN2M0YzAiOnsiY3JlYXRlIjoxODAwMDAwMDAwMDAwLCJkZWxldGUiOjkwMDAwMDAwMDAwMCwidXBkYXRlIjozNjAwMDAwMDAwMDAwfX0=",
          "dependencies": [
            "aws_iam_role.iac_eks_role",
            "aws_iam_role_policy_attachment.iac-eks-cluster-AmazonEKSClusterPolicy",
            "aws_iam_role_policy_attachment.iac-eks-cluster-AmazonEKSServicePolicy",
            "aws_subnet.iac_eks_cluster_subnets",
            "aws_vpc.iac_eks_cluster_vpc"
          ]
        }
      ]
    },
    {
      "mode": "managed",
      "type": "aws_eks_node_group",
      "name": "iac_eks_worknodes",
      "provider": "provider.aws",
      "instances": [
        {
          "status": "tainted",
          "schema_version": 0,
          "attributes": {
            "ami_type": null,
            "arn": null,
            "cluster_name": "iac_eks_cluster",
            "disk_size": null,
            "id": "iac_eks_cluster:iac_eks_worknodes",
            "instance_types": [
              "t1.micro"
            ],
            "labels": null,
            "node_group_name": "iac_eks_worknodes",
            "node_role_arn": "arn:aws:iam::227389759256:role/iac_role_eks_worknodes",
            "release_version": null,
            "remote_access": [],
            "resources": null,
            "scaling_config": [
              {
                "desired_size": 1,
                "max_size": 2,
                "min_size": 1
              }
            ],
            "status": null,
            "subnet_ids": [
              "subnet-0bbf1ca88381a49e1",
              "subnet-0fc005556589f1c0e"
            ],
            "tags": null,
            "timeouts": null,
            "version": null
          },
          "private": "eyJlMmJmYjczMC1lY2FhLTExZTYtOGY4OC0zNDM2M2JjN2M0YzAiOnsiY3JlYXRlIjozNjAwMDAwMDAwMDAwLCJkZWxldGUiOjM2MDAwMDAwMDAwMDAsInVwZGF0ZSI6MzYwMDAwMDAwMDAwMH19",
          "dependencies": [
            "aws_eks_cluster.iac_eks_cluster",
            "aws_iam_role.iac_eks_role",
            "aws_iam_role.iac_role_eks_worknodes",
            "aws_iam_role_policy_attachment.iac-eks-cluster-AmazonEKSClusterPolicy",
            "aws_iam_role_policy_attachment.iac-eks-cluster-AmazonEKSServicePolicy",
            "aws_iam_role_policy_attachment.iac-eks-worknodes-AmazonEC2ContainerRegistryReadOnly",
            "aws_iam_role_policy_attachment.iac-eks-worknodes-AmazonEKSWorkerNodePolicy",
            "aws_iam_role_policy_attachment.iac-eks-worknodes-AmazonEKS_CNI_Policy",
            "aws_subnet.iac_eks_cluster_subnets",
            "aws_vpc.iac_eks_cluster_vpc"
          ]
        }
      ]
    },
    {
      "mode": "managed",
      "type": "aws_iam_role",
      "name": "iac_eks_role",
      "provider": "provider.aws",
      "instances": [
        {
          "schema_version": 0,
          "attributes": {
            "arn": "arn:aws:iam::227389759256:role/iac_eks_role",
            "assume_role_policy": "{\"Version\":\"2012-10-17\",\"Statement\":[{\"Effect\":\"Allow\",\"Principal\":{\"Service\":\"eks.amazonaws.com\"},\"Action\":\"sts:AssumeRole\"}]}",
            "create_date": "2019-12-23T09:47:02Z",
            "description": "",
            "force_detach_policies": false,
            "id": "iac_eks_role",
            "max_session_duration": 3600,
            "name": "iac_eks_role",
            "name_prefix": null,
            "path": "/",
            "permissions_boundary": null,
            "tags": {},
            "unique_id": "AROATJ4L4L4MKJ7I3A55P"
          },
          "private": "bnVsbA=="
        }
      ]
    },
    {
      "mode": "managed",
      "type": "aws_iam_role",
      "name": "iac_role_eks_worknodes",
      "provider": "provider.aws",
      "instances": [
        {
          "schema_version": 0,
          "attributes": {
            "arn": "arn:aws:iam::227389759256:role/iac_role_eks_worknodes",
            "assume_role_policy": "{\"Version\":\"2012-10-17\",\"Statement\":[{\"Effect\":\"Allow\",\"Principal\":{\"Service\":\"ec2.amazonaws.com\"},\"Action\":\"sts:AssumeRole\"}]}",
            "create_date": "2019-12-23T09:47:02Z",
            "description": "",
            "force_detach_policies": false,
            "id": "iac_role_eks_worknodes",
            "max_session_duration": 3600,
            "name": "iac_role_eks_worknodes",
            "name_prefix": null,
            "path": "/",
            "permissions_boundary": null,
            "tags": {},
            "unique_id": "AROATJ4L4L4MH6MB2HKN3"
          },
          "private": "bnVsbA=="
        }
      ]
    },
    {
      "mode": "managed",
      "type": "aws_iam_role_policy_attachment",
      "name": "iac-eks-cluster-AmazonEKSClusterPolicy",
      "provider": "provider.aws",
      "instances": [
        {
          "schema_version": 0,
          "attributes": {
            "id": "iac_eks_role-20191223094704128400000004",
            "policy_arn": "arn:aws:iam::aws:policy/AmazonEKSClusterPolicy",
            "role": "iac_eks_role"
          },
          "private": "bnVsbA==",
          "dependencies": [
            "aws_iam_role.iac_eks_role"
          ]
        }
      ]
    },
    {
      "mode": "managed",
      "type": "aws_iam_role_policy_attachment",
      "name": "iac-eks-cluster-AmazonEKSServicePolicy",
      "provider": "provider.aws",
      "instances": [
        {
          "schema_version": 0,
          "attributes": {
            "id": "iac_eks_role-20191223094704091300000001",
            "policy_arn": "arn:aws:iam::aws:policy/AmazonEKSServicePolicy",
            "role": "iac_eks_role"
          },
          "private": "bnVsbA==",
          "dependencies": [
            "aws_iam_role.iac_eks_role"
          ]
        }
      ]
    },
    {
      "mode": "managed",
      "type": "aws_iam_role_policy_attachment",
      "name": "iac-eks-worknodes-AmazonEC2ContainerRegistryReadOnly",
      "provider": "provider.aws",
      "instances": [
        {
          "schema_version": 0,
          "attributes": {
            "id": "iac_role_eks_worknodes-20191223094704117000000003",
            "policy_arn": "arn:aws:iam::aws:policy/AmazonEC2ContainerRegistryReadOnly",
            "role": "iac_role_eks_worknodes"
          },
          "private": "bnVsbA==",
          "dependencies": [
            "aws_iam_role.iac_role_eks_worknodes"
          ]
        }
      ]
    },
    {
      "mode": "managed",
      "type": "aws_iam_role_policy_attachment",
      "name": "iac-eks-worknodes-AmazonEKSWorkerNodePolicy",
      "provider": "provider.aws",
      "instances": [
        {
          "schema_version": 0,
          "attributes": {
            "id": "iac_role_eks_worknodes-20191223094704150700000005",
            "policy_arn": "arn:aws:iam::aws:policy/AmazonEKSWorkerNodePolicy",
            "role": "iac_role_eks_worknodes"
          },
          "private": "bnVsbA==",
          "dependencies": [
            "aws_iam_role.iac_role_eks_worknodes"
          ]
        }
      ]
    },
    {
      "mode": "managed",
      "type": "aws_iam_role_policy_attachment",
      "name": "iac-eks-worknodes-AmazonEKS_CNI_Policy",
      "provider": "provider.aws",
      "instances": [
        {
          "schema_version": 0,
          "attributes": {
            "id": "iac_role_eks_worknodes-20191223094704109500000002",
            "policy_arn": "arn:aws:iam::aws:policy/AmazonEKS_CNI_Policy",
            "role": "iac_role_eks_worknodes"
          },
          "private": "bnVsbA==",
          "dependencies": [
            "aws_iam_role.iac_role_eks_worknodes"
          ]
        }
      ]
    },
    {
      "mode": "managed",
      "type": "aws_subnet",
      "name": "iac_eks_cluster_subnets",
      "each": "list",
      "provider": "provider.aws",
      "instances": [
        {
          "index_key": 0,
          "schema_version": 1,
          "attributes": {
            "arn": "arn:aws:ec2:us-east-1:227389759256:subnet/subnet-0fc005556589f1c0e",
            "assign_ipv6_address_on_creation": false,
            "availability_zone": "us-east-1a",
            "availability_zone_id": "use1-az2",
            "cidr_block": "10.0.0.0/24",
            "id": "subnet-0fc005556589f1c0e",
            "ipv6_cidr_block": "",
            "ipv6_cidr_block_association_id": "",
            "map_public_ip_on_launch": false,
            "owner_id": "227389759256",
            "tags": {
              "kubernetes.io/cluster/iac_eks_cluster": "shared"
            },
            "timeouts": null,
            "vpc_id": "vpc-0998deff5ae00c677"
          },
          "private": "eyJlMmJmYjczMC1lY2FhLTExZTYtOGY4OC0zNDM2M2JjN2M0YzAiOnsiY3JlYXRlIjo2MDAwMDAwMDAwMDAsImRlbGV0ZSI6MTIwMDAwMDAwMDAwMH0sInNjaGVtYV92ZXJzaW9uIjoiMSJ9",
          "dependencies": [
            "aws_vpc.iac_eks_cluster_vpc"
          ]
        },
        {
          "index_key": 1,
          "schema_version": 1,
          "attributes": {
            "arn": "arn:aws:ec2:us-east-1:227389759256:subnet/subnet-0bbf1ca88381a49e1",
            "assign_ipv6_address_on_creation": false,
            "availability_zone": "us-east-1b",
            "availability_zone_id": "use1-az4",
            "cidr_block": "10.0.1.0/24",
            "id": "subnet-0bbf1ca88381a49e1",
            "ipv6_cidr_block": "",
            "ipv6_cidr_block_association_id": "",
            "map_public_ip_on_launch": false,
            "owner_id": "227389759256",
            "tags": {
              "kubernetes.io/cluster/iac_eks_cluster": "shared"
            },
            "timeouts": null,
            "vpc_id": "vpc-0998deff5ae00c677"
          },
          "private": "eyJlMmJmYjczMC1lY2FhLTExZTYtOGY4OC0zNDM2M2JjN2M0YzAiOnsiY3JlYXRlIjo2MDAwMDAwMDAwMDAsImRlbGV0ZSI6MTIwMDAwMDAwMDAwMH0sInNjaGVtYV92ZXJzaW9uIjoiMSJ9",
          "dependencies": [
            "aws_vpc.iac_eks_cluster_vpc"
          ]
        }
      ]
    },
    {
      "mode": "managed",
      "type": "aws_vpc",
      "name": "iac_eks_cluster_vpc",
      "provider": "provider.aws",
      "instances": [
        {
          "schema_version": 1,
          "attributes": {
            "arn": "arn:aws:ec2:us-east-1:227389759256:vpc/vpc-0998deff5ae00c677",
            "assign_generated_ipv6_cidr_block": false,
            "cidr_block": "10.0.0.0/16",
            "default_network_acl_id": "acl-07e2a1112993983e4",
            "default_route_table_id": "rtb-08d1e2c87bfed6e16",
            "default_security_group_id": "sg-0dc057500f7ab2c80",
            "dhcp_options_id": "dopt-0f2915db78ea09f86",
            "enable_classiclink": false,
            "enable_classiclink_dns_support": false,
            "enable_dns_hostnames": false,
            "enable_dns_support": true,
            "id": "vpc-0998deff5ae00c677",
            "instance_tenancy": "default",
            "ipv6_association_id": "",
            "ipv6_cidr_block": "",
            "main_route_table_id": "rtb-08d1e2c87bfed6e16",
            "owner_id": "227389759256",
            "tags": {
              "Name": "iac_eks_cluster_vpc"
            }
          },
          "private": "eyJzY2hlbWFfdmVyc2lvbiI6IjEifQ=="
        }
      ]
    }
  ]
}
