{
  "version": 4,
  "terraform_version": "0.12.18",
  "serial": 5,
  "lineage": "3f6cc229-41d8-61b9-1f69-189150d48d7c",
  "outputs": {},
  "resources": [
    {
      "mode": "managed",
      "type": "aws_s3_bucket",
      "name": "iac_using_cors",
      "provider": "provider.aws",
      "instances": [
        {
          "schema_version": 0,
          "attributes": {
            "acceleration_status": "",
            "acl": "public-read",
            "arn": "arn:aws:s3:::iac-s3-website-test.hashicorp.com",
            "bucket": "iac-s3-website-test.hashicorp.com",
            "bucket_domain_name": "iac-s3-website-test.hashicorp.com.s3.amazonaws.com",
            "bucket_prefix": null,
            "bucket_regional_domain_name": "iac-s3-website-test.hashicorp.com.s3.amazonaws.com",
            "cors_rule": [
              {
                "allowed_headers": [
                  "*"
                ],
                "allowed_methods": [
                  "PUT",
                  "POST"
                ],
                "allowed_origins": [
                  "https://iac-s3-website-test.hashicorp.com"
                ],
                "expose_headers": [
                  "ETag"
                ],
                "max_age_seconds": 3000
              }
            ],
            "force_destroy": false,
            "hosted_zone_id": "Z3AQBSTGFYJSTF",
            "id": "iac-s3-website-test.hashicorp.com",
            "lifecycle_rule": [],
            "logging": [],
            "object_lock_configuration": [],
            "policy": null,
            "region": "us-east-1",
            "replication_configuration": [],
            "request_payer": "BucketOwner",
            "server_side_encryption_configuration": [],
            "tags": {},
            "versioning": [
              {
                "enabled": false,
                "mfa_delete": false
              }
            ],
            "website": [],
            "website_domain": null,
            "website_endpoint": null
          },
          "private": "bnVsbA=="
        }
      ]
    }
  ]
}
